{
  "version": 2,
  "dependencies": {
    "net10.0": {
      "coverlet.collector": {
        "type": "Direct",
        "requested": "[6.0.4, )",
        "resolved": "6.0.4",
        "contentHash": "lkhqpF8Pu2Y7IiN7OntbsTtdbpR1syMsm2F3IgX6ootA4ffRqWL5jF7XipHuZQTdVuWG/gVAAcf8mjk8Tz0xPg=="
      },
      "DotNet.ReproducibleBuilds": {
        "type": "Direct",
        "requested": "[2.0.2, )",
        "resolved": "2.0.2",
        "contentHash": "VaHoEN6YHp0jXucxm67vfuRy8zo9ufiKSuaZ4ZudRi8xmWcEFMKxfCsg2nvYNvdISFTURDu+IHqADGh53+Bamw=="
      },
      "FluentAssertions": {
        "type": "Direct",
        "requested": "[8.10.0, )",
        "resolved": "8.10.0",
        "contentHash": "yGvv+xp0gHFgGwhQcGoDdKIrhLhPi3zYYWWLLHPMctr+G6PWD7QH8L4wqoa5WRZquPbfSV/cP1MraI7ppAHrWw=="
      },
      "Microsoft.NET.Test.Sdk": {
        "type": "Direct",
        "requested": "[18.6.0, )",
        "resolved": "18.6.0",
        "contentHash": "kAIBt0MsYR0o2RULmlW5BhQ1ha50aGEgLKG4f1p0kePBGLJCprqs3S+NxRrYN8UH7mSQRPKpeiH9mwPMEKUObQ==",
        "dependencies": {
          "Microsoft.CodeCoverage": "18.6.0",
          "Microsoft.TestPlatform.TestHost": "18.6.0"
        }
      },
      "NUnit": {
        "type": "Direct",
        "requested": "[4.6.1, )",
        "resolved": "4.6.1",
        "contentHash": "xS4+YaBFUv1r8bcAbjitSfYaRZGfMwUiMdiaRziBXZpKgVxKDSHhjUn0mV5mObHGZRZq6eNa+WFWr3g8grj66A=="
      },
      "NUnit.Analyzers": {
        "type": "Direct",
        "requested": "[4.14.0, )",
        "resolved": "4.14.0",
        "contentHash": "xrpVoRNnEkK16+LS/vP4Lfch6vQ+ZJJrxFHeWN799sBzn1IpBTw8YPgDyJeT0gPsq8kpUV/N6+vv2UpnXNBU/g=="
      },
      "NUnit3TestAdapter": {
        "type": "Direct",
        "requested": "[6.2.0, )",
        "resolved": "6.2.0",
        "contentHash": "8PMJB8za2u8S0ey/nEtvh9BHjLhv5yzUEMCmA0+VIPLKSeOAZ3TEHWDyAp0+iPQb3jnBH1o8k0PoU2FgzXLRnQ==",
        "dependencies": {
          "Microsoft.Extensions.DependencyModel": "8.0.2",
          "Microsoft.Testing.Extensions.VSTestBridge": "2.1.0",
          "Microsoft.Testing.Platform.MSBuild": "2.1.0"
        }
      },
      "Trax.Api.GraphQL.Testing": {
        "type": "Direct",
        "requested": "[1.38.0, )",
        "resolved": "1.38.0",
        "contentHash": "KLEsL0Vw6pNghJhZq/fXXLRaupZgZZauWhnUsKkVGGUOuKWDq6mYjKACnOmsKLrLgPptqSQMVpyWmr1SdMYMpA==",
        "dependencies": {
          "NUnit": "4.4.0",
          "Trax.Api.GraphQL": "1.38.0",
          "Trax.Core.Testing": "1.6.0"
        }
      },
      "Trax.Effect.Data.Testing": {
        "type": "Direct",
        "requested": "[1.41.0, )",
        "resolved": "1.41.0",
        "contentHash": "jjn8UahwXwG1c5FAPNCXXngqDY54Scj2mC8ASKxTBqp+MQuNjzSM3vuVSjmg3dC+wjXbyZH2zs1IXeqH8tm4eA==",
        "dependencies": {
          "NUnit": "4.4.0",
          "Npgsql.EntityFrameworkCore.PostgreSQL": "10.0.0",
          "Trax.Core.Testing": "1.6.0",
          "Trax.Effect.Data": "1.41.0"
        }
      },
      "Trax.Mediator.Testing": {
        "type": "Direct",
        "requested": "[1.20.0, )",
        "resolved": "1.20.0",
        "contentHash": "OpijGSJDXskFPq7azpds0rbfQeBjmlo+ezp24VlQ+kbfVBatr2ox9orhsEWPzNOgNH0gflFERMXeELNpnuWqJw==",
        "dependencies": {
          "NUnit": "4.4.0",
          "Trax.Core.Testing": "1.6.0"
        }
      },
      "ChilliCream.Nitro.App": {
        "type": "Transitive",
        "resolved": "28.0.7",
        "contentHash": "G6CZod8ForeoVMXigRyAxTTqiiUYcppE85UY/zy4XLMunpF1Ginn5njWK+F+93bw3x5SssPR/fexEpOtQqkVLw==",
        "dependencies": {
          "Yarp.ReverseProxy": "2.3.0"
        }
      },
      "Cronos": {
        "type": "Transitive",
        "resolved": "0.8.4",
        "contentHash": "sTyvTH8hh5YWivinRGzL5QrfKKt59I/Hh+4m8j6vmtJdSOWA4I3B+AS9iJk3RdQqZ+i4E+0PlhYuY9iaxDLTcQ=="
      },
      "GreenDonut": {
        "type": "Transitive",
        "resolved": "15.1.16",
        "contentHash": "Q8yE0BQ4BCtBo6BYfp9UluKeN8uCRJmkqUURYgwPy6+Ohaz20C1bdvhxLV8frlT46I4HpLjIzynT7nU95Z0axQ==",
        "dependencies": {
          "GreenDonut.Abstractions": "15.1.16",
          "Microsoft.Extensions.DependencyInjection.Abstractions": "9.0.2",
          "Microsoft.Extensions.ObjectPool": "9.0.2"
        }
      },
      "GreenDonut.Abstractions": {
        "type": "Transitive",
        "resolved": "15.1.16",
        "contentHash": "Em9jCVx21HhjLGkMr1DeP+1H5KrmT9rZN8zpRgqYwzTvmgqgVkZheeTZpi6Zs5s8pq09WgztuIAn9N4ApAJ2hQ=="
      },
      "GreenDonut.Data": {
        "type": "Transitive",
        "resolved": "15.1.16",
        "contentHash": "2VJ7Rx56ymL530/qEIcvjts/a0C1CpVFnroaiZyXubTnugfjHpkI8UcCh++SXB7YehJA7j88JhlphdXCwAa6jQ==",
        "dependencies": {
          "GreenDonut": "15.1.16",
          "GreenDonut.Data.Abstractions": "15.1.16"
        }
      },
      "GreenDonut.Data.Abstractions": {
        "type": "Transitive",
        "resolved": "15.1.16",
        "contentHash": "DSd+WR/+QbGaYf4xSCVxOk5xOTk3gg3P9U3hAxSfk2OCW8oU+skvCsRxZkJzZWJoUmtQSlUe8o7g9hfClUCv9A==",
        "dependencies": {
          "GreenDonut.Abstractions": "15.1.16",
          "GreenDonut.Data.Primitives": "15.1.16"
        }
      },
      "GreenDonut.Data.EntityFramework": {
        "type": "Transitive",
        "resolved": "15.1.16",
        "contentHash": "r3Whff2OaxgiU9U4qh//JBlEPEYvTTJMB/53USbemEIaPZzfdKy6PVok6tIeab610sHSQQbXwiA+JQ70ER7PgA==",
        "dependencies": {
          "GreenDonut.Data": "15.1.16",
          "Microsoft.EntityFrameworkCore": "9.0.2"
        }
      },
      "GreenDonut.Data.Primitives": {
        "type": "Transitive",
        "resolved": "15.1.16",
        "contentHash": "5nDw4r4VJgtEtCvqjGUucmY4I4ZyBvOEvHB5wZic63ENuk3KUa3Z+zRY3dN5OTSkC8d2Jr8FdGOHfnlHvjV0tQ=="
      },
      "HotChocolate": {
        "type": "Transitive",
        "resolved": "15.1.16",
        "contentHash": "vE9NCcFXGaEha2XaP/qXQKk8b/iiSfCFN3HjdTMBSy6ojODubu72lFxddwSH93+ga3y6ojk+jxUQtvjvm6tTLQ==",
        "dependencies": {
          "HotChocolate.Authorization": "15.1.16",
          "HotChocolate.CostAnalysis": "15.1.16",
          "HotChocolate.Execution": "15.1.16",
          "HotChocolate.Execution.Projections": "15.1.16",
          "HotChocolate.Fetching": "15.1.16",
          "HotChocolate.Types": "15.1.16",
          "HotChocolate.Types.CursorPagination": "15.1.16",
          "HotChocolate.Types.CursorPagination.Extensions": "15.1.16",
          "HotChocolate.Types.Mutations": "15.1.16",
          "HotChocolate.Types.Queries": "15.1.16",
          "HotChocolate.Validation": "15.1.16"
        }
      },
      "HotChocolate.Abstractions": {
        "type": "Transitive",
        "resolved": "15.1.16",
        "contentHash": "8DbgmOdZDmmSRkRMfnAXXKbzBsT5PFT5baxkHYr0WdtoFSdplwD39k+XKKiyZz0WUdbEt0wCssD4ehsHQKXaHA==",
        "dependencies": {
          "HotChocolate.Primitives": "15.1.16"
        }
      },
      "HotChocolate.AspNetCore.Authorization": {
        "type": "Transitive",
        "resolved": "15.1.16",
        "contentHash": "SSANiiqNU6i0cQ3P/aOoDpN7Xrwr7T7N74fYz12PiLmy2BhpmbLtKqBveLhPslaYcFoFM3pDDKvT/i0YoYq0Tw==",
        "dependencies": {
          "HotChocolate": "15.1.16"
        }
      },
      "HotChocolate.Authorization": {
        "type": "Transitive",
        "resolved": "15.1.16",
        "contentHash": "xX5R5yCsYiO0bFcBrpjJu7hqT9O75ENzx72Gm1HIrbqPaCCbstS4q45T+qqHcBGYtJ7ZMu+5q3khQwtsMpIGWA==",
        "dependencies": {
          "HotChocolate.Execution": "15.1.16"
        }
      },
      "HotChocolate.CostAnalysis": {
        "type": "Transitive",
        "resolved": "15.1.16",
        "contentHash": "yDtsRHkHR3i1iTzKZCrJ/ZFk8GLF2Gb90ltSWkfPCP7eceekLRWj+MzgDSLlhxHbrH4EwPExrkXEQi5Tv/g8mA==",
        "dependencies": {
          "HotChocolate.Execution": "15.1.16",
          "HotChocolate.Types": "15.1.16"
        }
      },
      "HotChocolate.Data": {
        "type": "Transitive",
        "resolved": "15.1.16",
        "contentHash": "/+0beCf087GM1PjLQWweuGxShQ/Dg1JzPv1HcmZ59khPqwkbnY56JNBRNYSvvUsCrAROuJ3alIidqHsKiE8AMQ==",
        "dependencies": {
          "GreenDonut.Data": "15.1.16",
          "GreenDonut.Data.Abstractions": "15.1.16",
          "GreenDonut.Data.Primitives": "15.1.16",
          "HotChocolate.Execution": "15.1.16",
          "HotChocolate.Execution.Projections": "15.1.16",
          "HotChocolate.Types.CursorPagination": "15.1.16"
        }
      },
      "HotChocolate.Data.EntityFramework": {
        "type": "Transitive",
        "resolved": "15.1.16",
        "contentHash": "oIamA/wxg84PiYpBb5mWfpjmJ9Fh6sg4PNtIMiknnOhBzfNaI8BmbVtwQgEcjF3Wsf3Zx/wzZgICkhNXXHw6ug==",
        "dependencies": {
          "GreenDonut.Data": "15.1.16",
          "GreenDonut.Data.Abstractions": "15.1.16",
          "GreenDonut.Data.EntityFramework": "15.1.16",
          "HotChocolate": "15.1.16",
          "HotChocolate.Data": "15.1.16",
          "Microsoft.EntityFrameworkCore": "9.0.2"
        }
      },
      "HotChocolate.Execution": {
        "type": "Transitive",
        "resolved": "15.1.16",
        "contentHash": "cv/4DChPhcZZ1K82IgtHafdR8nGU0ATDvrtWMz2tQMz7Rj1pPdfM4XcUZBs/ds0sL0fNXYVipfm+6++8GH3WBQ==",
        "dependencies": {
          "HotChocolate.Abstractions": "15.1.16",
          "HotChocolate.Execution.Abstractions": "15.1.16",
          "HotChocolate.Fetching": "15.1.16",
          "HotChocolate.Types": "15.1.16",
          "HotChocolate.Utilities.DependencyInjection": "15.1.16",
          "HotChocolate.Validation": "15.1.16",
          "Microsoft.Extensions.DependencyInjection": "9.0.2"
        }
      },
      "HotChocolate.Execution.Abstractions": {
        "type": "Transitive",
        "resolved": "15.1.16",
        "contentHash": "0OhQayNTfdZxw4oD7lPqiqvV+yHBO1M3xLMNfxvn+WXxNf5rnT8aMM4Z4Bj9j5wk0q87fiLVG1jfTd0P1b6WrQ==",
        "dependencies": {
          "HotChocolate.Abstractions": "15.1.16",
          "Microsoft.Extensions.DependencyInjection.Abstractions": "9.0.2"
        }
      },
      "HotChocolate.Execution.Projections": {
        "type": "Transitive",
        "resolved": "15.1.16",
        "contentHash": "uTPy+Fqcdq/3ETROKy+Ruzuhajm3/LZ30SQD5PvZmotSHCzh0pPSczQdwuq9BmKT93nBBM6/o+ppui6n9XWRIQ==",
        "dependencies": {
          "GreenDonut.Data": "15.1.16",
          "GreenDonut.Data.Abstractions": "15.1.16",
          "GreenDonut.Data.Primitives": "15.1.16",
          "HotChocolate.Execution": "15.1.16"
        }
      },
      "HotChocolate.Features": {
        "type": "Transitive",
        "resolved": "15.1.16",
        "contentHash": "E7XQxBQ1cRfx9k0rOZit9P9QrxU81Wo8NWHzLDCcoQeITQpzFHX+BpWnZzwGTx+AsWfgN6bZDQRLz9TPUPFzdA=="
      },
      "HotChocolate.Fetching": {
        "type": "Transitive",
        "resolved": "15.1.16",
        "contentHash": "EasPlOmvp6eO+djSVYiI2Yueag0Fdn6H6C06kGGPoRnH9HB2cLQ0CzzFvhX2azIGZZ5KdcCZGsBaSDOCRSWlbQ==",
        "dependencies": {
          "GreenDonut": "15.1.16",
          "HotChocolate.Types": "15.1.16"
        }
      },
      "HotChocolate.Language": {
        "type": "Transitive",
        "resolved": "15.1.16",
        "contentHash": "wXVY4qBAp5xOwZd4HYNqWJ9xjlpFlUmbj0Fan74xbjJUHuj0J5eADiOKgj0ewy2aqgWMaGveY46gKOpD9RnctA==",
        "dependencies": {
          "HotChocolate.Language.SyntaxTree": "15.1.16",
          "HotChocolate.Language.Utf8": "15.1.16",
          "HotChocolate.Language.Visitors": "15.1.16",
          "HotChocolate.Language.Web": "15.1.16"
        }
      },
      "HotChocolate.Language.SyntaxTree": {
        "type": "Transitive",
        "resolved": "15.1.16",
        "contentHash": "ocyfnClIllgYHbmSLowKoQk7M620iSIy3ZRLkusVhUGJ0877Y5l9qdBy2jsczNct/OkR1pPSGs0FvKTedIgcgA==",
        "dependencies": {
          "Microsoft.Extensions.ObjectPool": "9.0.2"
        }
      },
      "HotChocolate.Language.Utf8": {
        "type": "Transitive",
        "resolved": "15.1.16",
        "contentHash": "5v8LZzOOVjP2zu7nSiG668YR229xHFwVt6ejHbD8VDWn1uhaHPMQ86+2D8NnenWVKAg9x3muOOMC4p2H61aWQw==",
        "dependencies": {
          "HotChocolate.Language.SyntaxTree": "15.1.16"
        }
      },
      "HotChocolate.Language.Visitors": {
        "type": "Transitive",
        "resolved": "15.1.16",
        "contentHash": "LGy1BHSkJRCpYLIT2bI/fvl1Pl4pSUOxwiis20A/DyPKMMvvDOyQy3kSYDSVvxJFkJ5yEtJTDWOvEEcZaSWL0g==",
        "dependencies": {
          "HotChocolate.Language.SyntaxTree": "15.1.16"
        }
      },
      "HotChocolate.Language.Web": {
        "type": "Transitive",
        "resolved": "15.1.16",
        "contentHash": "Tgv6iawNe4wt7cCPpkvQKI/4WCPKvcDvc38Bw95csvlm/N/D8W59VzS4LQzfYfSYzufkubRC+seI3n/5XQIACA==",
        "dependencies": {
          "HotChocolate.Language.Utf8": "15.1.16"
        }
      },
      "HotChocolate.Primitives": {
        "type": "Transitive",
        "resolved": "15.1.16",
        "contentHash": "/HNmJTXHgzZXA4Ey2gymBJenJ8k8hE3U8MAfcIgYPKcTVkw5urdyz1KnCIHUD3Q2I/aCHQf/8EuDkw4rhIKjqw==",
        "dependencies": {
          "HotChocolate.Language": "15.1.16"
        }
      },
      "HotChocolate.Subscriptions": {
        "type": "Transitive",
        "resolved": "15.1.16",
        "contentHash": "K5v7JCIHOUtezhMmbpOdhXYQWyXqUrPjUrXgAO2TaFue+NYvp9W1HHQkgmTWkK2E0G1YPnWW6gsDJhz1IhiQ7Q==",
        "dependencies": {
          "HotChocolate.Abstractions": "15.1.16",
          "HotChocolate.Execution.Abstractions": "15.1.16",
          "HotChocolate.Utilities": "15.1.16"
        }
      },
      "HotChocolate.Subscriptions.InMemory": {
        "type": "Transitive",
        "resolved": "15.1.16",
        "contentHash": "/znJTx/WF4mNqMob1jMc7RGqFCjYBAuN3kjXKYOO8zwQzie+480H/s6cHDOMnf+XMr35WnLL3tX5ku4M/kQRHA==",
        "dependencies": {
          "HotChocolate.Execution.Abstractions": "15.1.16",
          "HotChocolate.Subscriptions": "15.1.16",
          "Microsoft.Extensions.DependencyInjection.Abstractions": "9.0.2"
        }
      },
      "HotChocolate.Transport.Sockets": {
        "type": "Transitive",
        "resolved": "15.1.16",
        "contentHash": "HXppfVGBEHCNEX5+NaGR+KQ6NGOLAFAaofy7q9avZiQ4GlLzuYXo1mGtrLw59vUoShfjr+gpHLAeFmv2r4a8vw=="
      },
      "HotChocolate.Types": {
        "type": "Transitive",
        "resolved": "15.1.16",
        "contentHash": "B0TVq9WN7pSr51okzIkK7o2QHgS/OzyXUibUN5O1uNUU25rUPzdMJa3SfbafVJW+Quf5zJss9LcRGPXFi6kMDQ==",
        "dependencies": {
          "GreenDonut": "15.1.16",
          "HotChocolate.Abstractions": "15.1.16",
          "HotChocolate.Features": "15.1.16",
          "HotChocolate.Types.Shared": "15.1.16",
          "HotChocolate.Utilities": "15.1.16",
          "Microsoft.Extensions.DependencyInjection": "9.0.2",
          "Microsoft.Extensions.ObjectPool": "9.0.2"
        }
      },
      "HotChocolate.Types.CursorPagination": {
        "type": "Transitive",
        "resolved": "15.1.16",
        "contentHash": "42OF4kuAmU/Of2ZHo/VL2CJiGxwpMDvLWw0GadG9Wky+5LIo6prwjlxEkmzIIUAUvPsTPKXTXVDm/alGBXj47g==",
        "dependencies": {
          "HotChocolate.Execution.Abstractions": "15.1.16",
          "HotChocolate.Types": "15.1.16"
        }
      },
      "HotChocolate.Types.CursorPagination.Extensions": {
        "type": "Transitive",
        "resolved": "15.1.16",
        "contentHash": "TcvQv8jP9skv8LQBDeDkaGhUctrrNcKk5Z6o7A0yIEFfClDuEsuA6oeuI7lfopxJkh0gX6le/v8C0F0qN7R2+Q==",
        "dependencies": {
          "GreenDonut.Data": "15.1.16",
          "HotChocolate.Types.CursorPagination": "15.1.16"
        }
      },
      "HotChocolate.Types.Errors": {
        "type": "Transitive",
        "resolved": "15.1.16",
        "contentHash": "5Jzoo9xT6+uEynkBrPRr9rf2IKLd4jHMnPxneXGYP5WAP5QgrOZS2KONr3SktltTUxgwtW9mYxLjtZr9M5Anyw==",
        "dependencies": {
          "HotChocolate.Execution": "15.1.16"
        }
      },
      "HotChocolate.Types.Mutations": {
        "type": "Transitive",
        "resolved": "15.1.16",
        "contentHash": "LlhASjiyBWzAlHQk8GsjtlajQVM5ad6dRu7JH27okV8DFuWWb8EZBjnHhZ3H8gjBFfKH2B6yfPhxl12gZwG/TA==",
        "dependencies": {
          "HotChocolate.Execution": "15.1.16",
          "HotChocolate.Types.Errors": "15.1.16"
        }
      },
      "HotChocolate.Types.Queries": {
        "type": "Transitive",
        "resolved": "15.1.16",
        "contentHash": "RnacGF/L5zj+Ec5t49YHPIG3l03KyOONeLhUe6B4zZ0QT5ICX8zvnfEs0jx8iVgN0kfo4qjsbFlQqsgo4pbpsQ==",
        "dependencies": {
          "HotChocolate.Execution": "15.1.16",
          "HotChocolate.Types.Errors": "15.1.16"
        }
      },
      "HotChocolate.Types.Scalars.Upload": {
        "type": "Transitive",
        "resolved": "15.1.16",
        "contentHash": "nUTLSBbQ6MgpJWWx+YCXY+oo4yqPHrZG5VAHnHTmksnTJX+14QBjbZEFV+28giuH1KThc6fJ1pZsOze0YkWV9A==",
        "dependencies": {
          "HotChocolate.Types": "15.1.16"
        }
      },
      "HotChocolate.Types.Shared": {
        "type": "Transitive",
        "resolved": "15.1.16",
        "contentHash": "o7SIrHpAZ44TwtkvgP3lunRvwR8NMthNrab4bE64fqvmtyr50PCFjVSHyEB66TEam8juUHDy6nvM9YVqNbMD8A==",
        "dependencies": {
          "HotChocolate.Language.SyntaxTree": "15.1.16"
        }
      },
      "HotChocolate.Utilities": {
        "type": "Transitive",
        "resolved": "15.1.16",
        "contentHash": "/fM1uMU6UhEGh49NwxIKt12sDlO2Re6xRgf1M9gp7L/zFjC4pGvQgAqBjiyvTbgTNR3GWuWvdfnZ52qSsCndNQ==",
        "dependencies": {
          "Microsoft.Extensions.DependencyInjection.Abstractions": "9.0.2"
        }
      },
      "HotChocolate.Utilities.DependencyInjection": {
        "type": "Transitive",
        "resolved": "15.1.16",
        "contentHash": "k5VOxLjFfuerpjRJPJoay4qLouBux7xogCCAqip9shgXHJUyQtKh/pwFDbnGNdsCI+Ik97SV8vGBtAlkrPj3RQ==",
        "dependencies": {
          "Microsoft.Extensions.DependencyInjection": "9.0.2"
        }
      },
      "HotChocolate.Validation": {
        "type": "Transitive",
        "resolved": "15.1.16",
        "contentHash": "HrYNTdG4j2yXW8rJzGkvbnNSZpjIndR8SDPlXfYE7rn48aJLxSEKJ2Us7AdwmIwCMHSnoYsVV1jz0XAUze3nsw==",
        "dependencies": {
          "HotChocolate.Types": "15.1.16",
          "Microsoft.Extensions.DependencyInjection.Abstractions": "9.0.2",
          "Microsoft.Extensions.Options": "9.0.2"
        }
      },
      "LanguageExt.Core": {
        "type": "Transitive",
        "resolved": "4.4.9",
        "contentHash": "K9VGWkThJkaomifa3zcmwysw1BaSqIZZPZc6trBnJN8u9mpmA/cMMwCWEa/v7bPv/+NnG6PbyIDB7HtxBX7yCQ==",
        "dependencies": {
          "Microsoft.Bcl.AsyncInterfaces": "7.0.0"
        }
      },
      "Microsoft.ApplicationInsights": {
        "type": "Transitive",
        "resolved": "2.23.0",
        "contentHash": "nWArUZTdU7iqZLycLKWe0TDms48KKGE6pONH2terYNa8REXiqixrMOkf1sk5DHGMaUTqONU2YkS4SAXBhLStgw=="
      },
      "Microsoft.AspNetCore.Authentication.JwtBearer": {
        "type": "Transitive",
        "resolved": "10.0.8",
        "contentHash": "oGnE+X/SN6jdqao9WOkOIfyZ5+a0AtluJWy1Mxndq+kcWG6sx5k6l6tucu8/wJ7o9fHfLgVCzm/c4v/KVgVk6w==",
        "dependencies": {
          "Microsoft.IdentityModel.Protocols.OpenIdConnect": "8.0.1"
        }
      },
      "Microsoft.Bcl.AsyncInterfaces": {
        "type": "Transitive",
        "resolved": "7.0.0",
        "contentHash": "3aeMZ1N0lJoSyzqiP03hqemtb1BijhsJADdobn/4nsMJ8V1H+CrpuduUe4hlRdx+ikBQju1VGjMD1GJ3Sk05Eg=="
      },
      "Microsoft.CodeAnalysis.Analyzers": {
        "type": "Transitive",
        "resolved": "3.11.0",
        "contentHash": "v/EW3UE8/lbEYHoC2Qq7AR/DnmvpgdtAMndfQNmpuIMx/Mto8L5JnuCfdBYtgvalQOtfNCnxFejxuRrryvUTsg=="
      },
      "Microsoft.CodeAnalysis.Common": {
        "type": "Transitive",
        "resolved": "4.14.0",
        "contentHash": "PC3tuwZYnC+idaPuoC/AZpEdwrtX7qFpmnrfQkgobGIWiYmGi5MCRtl5mx6QrfMGQpK78X2lfIEoZDLg/qnuHg==",
        "dependencies": {
          "Microsoft.CodeAnalysis.Analyzers": "3.11.0"
        }
      },
      "Microsoft.CodeCoverage": {
        "type": "Transitive",
        "resolved": "18.6.0",
        "contentHash": "bkmCXn/65Cd0LdO2zTb/ValGAJ1H8y/CgYOiBb3jsDyHI3Y1ljKx6RBvhvn3e5D/4R4I00RRwLf+Bd2Sn6bJjA=="
      },
      "Microsoft.EntityFrameworkCore.Abstractions": {
        "type": "Transitive",
        "resolved": "10.0.3",
        "contentHash": "c7Uoz381xnMHNBRB8eHRhGgzUtXbgddlbODhwZRrTSzZWDharp3RkJsFwhxyESbeXhCqmML7VdvjMQ7uu+HreA=="
      },
      "Microsoft.EntityFrameworkCore.Analyzers": {
        "type": "Transitive",
        "resolved": "10.0.3",
        "contentHash": "lVABgJTyTUNE7Bi0bSu4dWHiCHIXEGzTh/kLh0N07IgU/tIKwTeBPp8tgV4x2iKj4h7iPLo8oXzyHmLDGtAE1g=="
      },
      "Microsoft.EntityFrameworkCore.Relational": {
        "type": "Transitive",
        "resolved": "10.0.3",
        "contentHash": "Pmh60OK9neVr/M0FJwm9hlzm2bD4Kd65SID8E6SP5c90tExNgXwORrlEWl0oGU/ig9ifpNN4PSpIrnHNozlT5w==",
        "dependencies": {
          "Microsoft.EntityFrameworkCore": "10.0.3",
          "Microsoft.Extensions.Caching.Memory": "10.0.3",
          "Microsoft.Extensions.Configuration.Abstractions": "10.0.3",
          "Microsoft.Extensions.Logging": "10.0.3"
        }
      },
      "Microsoft.Extensions.Caching.Abstractions": {
        "type": "Transitive",
        "resolved": "10.0.3",
        "contentHash": "5dtXBvI8t3z8pF4tB38JYgi/enCL/DwSXxpqShgFz3SHJ7IzqFIMs6Gu5ik8sNZzcO9qQs3xIDpB3vDamkYG+Q==",
        "dependencies": {
          "Microsoft.Extensions.Primitives": "10.0.3"
        }
      },
      "Microsoft.Extensions.Caching.Memory": {
        "type": "Transitive",
        "resolved": "10.0.3",
        "contentHash": "No4fVh0z30SWqiWFRoA4PNdrEco6OjXvCqRFvlmRgDQqqks2bRDdeavUgWEiAX153ZAwW9loUgbxcvuP4NKQLg==",
        "dependencies": {
          "Microsoft.Extensions.Caching.Abstractions": "10.0.3",
          "Microsoft.Extensions.DependencyInjection.Abstractions": "10.0.3",
          "Microsoft.Extensions.Logging.Abstractions": "10.0.3",
          "Microsoft.Extensions.Options": "10.0.3",
          "Microsoft.Extensions.Primitives": "10.0.3"
        }
      },
      "Microsoft.Extensions.Configuration.Abstractions": {
        "type": "Transitive",
        "resolved": "10.0.3",
        "contentHash": "xVDHL0+SIgemfh95fTO9cGLe17TWv/ZP0n7m01z8X6pzt2DmQpucioWR/mYZA1sRlkWnkXzfl0JweLNWmE9WMg==",
        "dependencies": {
          "Microsoft.Extensions.Primitives": "10.0.3"
        }
      },
      "Microsoft.Extensions.DependencyInjection": {
        "type": "Transitive",
        "resolved": "10.0.3",
        "contentHash": "2DLOmC0EkB2smVK8lPP1PIKEgL1arE3CMp9XSIQB/Y7ev5nnnyuM/PizKJ6QfLD08QCYoopSC9SFdbYglDomYg==",
        "dependencies": {
          "Microsoft.Extensions.DependencyInjection.Abstractions": "10.0.3"
        }
      },
      "Microsoft.Extensions.DependencyInjection.Abstractions": {
        "type": "Transitive",
        "resolved": "10.0.3",
        "contentHash": "bwGMrRcAMWx2s/RDgja97p27rxSz2pEQW0+rX5cWAUWVETVJ/eyxGfjAl8vuG5a+lckWmPIE+vcuaZNVB5YDdw=="
      },
      "Microsoft.Extensions.DependencyModel": {
        "type": "Transitive",
        "resolved": "8.0.2",
        "contentHash": "mUBDZZRgZrSyFOsJ2qJJ9fXfqd/kXJwf3AiDoqLD9m6TjY5OO/vLNOb9fb4juC0487eq4hcGN/M2Rh/CKS7QYw=="
      },
      "Microsoft.Extensions.Diagnostics.Abstractions": {
        "type": "Transitive",
        "resolved": "10.0.3",
        "contentHash": "mQiTzAj7PIJ2A9YXR5QhgulS1fTWhmQc3ckd1Mrf3hKW07d03fBDqx8vVaFw+cRTebDOeB6pNqdWdnRxsi1hBA==",
        "dependencies": {
          "Microsoft.Extensions.DependencyInjection.Abstractions": "10.0.3",
          "Microsoft.Extensions.Options": "10.0.3"
        }
      },
      "Microsoft.Extensions.FileProviders.Abstractions": {
        "type": "Transitive",
        "resolved": "10.0.3",
        "contentHash": "4TD9AXDRsipTmaemwnjt/DM5Ri0de2JzHQhvZ4woBTjUtL4XrPNsMrOk5oiLJAx1gTrE6pOIhxv+lEde5F6CZA==",
        "dependencies": {
          "Microsoft.Extensions.Primitives": "10.0.3"
        }
      },
      "Microsoft.Extensions.Hosting.Abstractions": {
        "type": "Transitive",
        "resolved": "10.0.3",
        "contentHash": "GdMpC10Jf6poxSvUJ4lgYpJ5F/kJeaAoJmrPufjBoPYyCTKKY5Dyl0rZA+LBNvFqTq1cZa/lhlptlUhNvU6xrg==",
        "dependencies": {
          "Microsoft.Extensions.Configuration.Abstractions": "10.0.3",
          "Microsoft.Extensions.DependencyInjection.Abstractions": "10.0.3",
          "Microsoft.Extensions.Diagnostics.Abstractions": "10.0.3",
          "Microsoft.Extensions.FileProviders.Abstractions": "10.0.3",
          "Microsoft.Extensions.Logging.Abstractions": "10.0.3"
        }
      },
      "Microsoft.Extensions.Logging": {
        "type": "Transitive",
        "resolved": "10.0.3",
        "contentHash": "8D9Er1cGXNjNDIB+VLBNHn386L5ls2FoiG9a6o12gyn+GG3w6jdfUhzT8dtBnKcevE7/fsVA8MS3FBgFfClFtQ==",
        "dependencies": {
          "Microsoft.Extensions.DependencyInjection": "10.0.3",
          "Microsoft.Extensions.Logging.Abstractions": "10.0.3",
          "Microsoft.Extensions.Options": "10.0.3"
        }
      },
      "Microsoft.Extensions.Logging.Abstractions": {
        "type": "Transitive",
        "resolved": "10.0.3",
        "contentHash": "lxl0WLk7ROgBFAsjcOYjQ8/DVK+VMszxGBzUhgtQmAsTNldLL5pk9NG/cWTsXHq0lUhUEAtZkEE7jOGOA8bGKQ==",
        "dependencies": {
          "Microsoft.Extensions.DependencyInjection.Abstractions": "10.0.3"
        }
      },
      "Microsoft.Extensions.ObjectPool": {
        "type": "Transitive",
        "resolved": "9.0.2",
        "contentHash": "nWx7uY6lfkmtpyC2dGc0IxtrZZs/LnLCQHw3YYQucbqWj8a27U/dZ+eh72O3ZiolqLzzLkVzoC+w/M8dZwxRTw=="
      },
      "Microsoft.Extensions.Options": {
        "type": "Transitive",
        "resolved": "10.0.3",
        "contentHash": "hU6WzGTPvPoLA2ng1ILvWQb3g0qORdlHNsxI8IcPLumJb3suimYUl+bbDzdo1V4KFsvVhnMWzysHpKbZaoDQPQ==",
        "dependencies": {
          "Microsoft.Extensions.DependencyInjection.Abstractions": "10.0.3",
          "Microsoft.Extensions.Primitives": "10.0.3"
        }
      },
      "Microsoft.Extensions.Primitives": {
        "type": "Transitive",
        "resolved": "10.0.3",
        "contentHash": "GEcpTwo7sUoLGGNTqV1FZEuL+tTD9m81NX/mh099dqGNna07/UGZShKQNZRw4hv6nlliSUwYQgSYc7OR99Jufg=="
      },
      "Microsoft.IdentityModel.Abstractions": {
        "type": "Transitive",
        "resolved": "8.0.1",
        "contentHash": "OtlIWcyX01olfdevPKZdIPfBEvbcioDyBiE/Z2lHsopsMD7twcKtlN9kMevHmI5IIPhFpfwCIiR6qHQz1WHUIw=="
      },
      "Microsoft.IdentityModel.JsonWebTokens": {
        "type": "Transitive",
        "resolved": "8.0.1",
        "contentHash": "s6++gF9x0rQApQzOBbSyp4jUaAlwm+DroKfL8gdOHxs83k8SJfUXhuc46rDB3rNXBQ1MVRxqKUrqFhO/M0E97g==",
        "dependencies": {
          "Microsoft.IdentityModel.Tokens": "8.0.1"
        }
      },
      "Microsoft.IdentityModel.Logging": {
        "type": "Transitive",
        "resolved": "8.0.1",
        "contentHash": "UCPF2exZqBXe7v/6sGNiM6zCQOUXXQ9+v5VTb9gPB8ZSUPnX53BxlN78v2jsbIvK9Dq4GovQxo23x8JgWvm/Qg==",
        "dependencies": {
          "Microsoft.IdentityModel.Abstractions": "8.0.1"
        }
      },
      "Microsoft.IdentityModel.Protocols": {
        "type": "Transitive",
        "resolved": "8.0.1",
        "contentHash": "uA2vpKqU3I2mBBEaeJAWPTjT9v1TZrGWKdgK6G5qJd03CLx83kdiqO9cmiK8/n1erkHzFBwU/RphP83aAe3i3g==",
        "dependencies": {
          "Microsoft.IdentityModel.Tokens": "8.0.1"
        }
      },
      "Microsoft.IdentityModel.Protocols.OpenIdConnect": {
        "type": "Transitive",
        "resolved": "8.0.1",
        "contentHash": "AQDbfpL+yzuuGhO/mQhKNsp44pm5Jv8/BI4KiFXR7beVGZoSH35zMV3PrmcfvSTsyI6qrcR898NzUauD6SRigg==",
        "dependencies": {
          "Microsoft.IdentityModel.Protocols": "8.0.1",
          "System.IdentityModel.Tokens.Jwt": "8.0.1"
        }
      },
      "Microsoft.IdentityModel.Tokens": {
        "type": "Transitive",
        "resolved": "8.0.1",
        "contentHash": "kDimB6Dkd3nkW2oZPDkMkVHfQt3IDqO5gL0oa8WVy3OP4uE8Ij+8TXnqg9TOd9ufjsY3IDiGz7pCUbnfL18tjg==",
        "dependencies": {
          "Microsoft.IdentityModel.Logging": "8.0.1"
        }
      },
      "Microsoft.Testing.Extensions.Telemetry": {
        "type": "Transitive",
        "resolved": "2.1.0",
        "contentHash": "5TwgTx2u7k9Al/xbZ18QXq4Hdy2xewkVTI6K3sk+jY2ykqUkIKNuj7rFu3GOV5KnEUkevhw6eZcyZs77STHJIA==",
        "dependencies": {
          "Microsoft.ApplicationInsights": "2.23.0",
          "Microsoft.Testing.Platform": "2.1.0"
        }
      },
      "Microsoft.Testing.Extensions.TrxReport.Abstractions": {
        "type": "Transitive",
        "resolved": "2.1.0",
        "contentHash": "D8xmIJYQFJ6D49Rx5/vPrkZZxb338Jkew+eSqZLBfBiWKw4QZKy3i1BOXiLfz0lOmaNErwDz/YWRojCdNl+B9Q==",
        "dependencies": {
          "Microsoft.Testing.Platform": "2.1.0"
        }
      },
      "Microsoft.Testing.Extensions.VSTestBridge": {
        "type": "Transitive",
        "resolved": "2.1.0",
        "contentHash": "bNRIEA2YoGr+Y+7LHdA7i1U80+7BAdf4K4Qh4Kx6eKkoBK/NV7QpoMg+GWPP0/eqAFzuUmUOIPVZ87Oo0Vyxmw==",
        "dependencies": {
          "Microsoft.TestPlatform.ObjectModel": "18.0.1",
          "Microsoft.Testing.Extensions.Telemetry": "2.1.0",
          "Microsoft.Testing.Extensions.TrxReport.Abstractions": "2.1.0",
          "Microsoft.Testing.Platform": "2.1.0"
        }
      },
      "Microsoft.Testing.Platform": {
        "type": "Transitive",
        "resolved": "2.1.0",
        "contentHash": "aHkjNTGIA+Zbdw6RJgSFrbDrCjO0CgqpElqYcvkRSeUhBv2bKarnvU3ep786U7UqrPlArT/B7VmImRibJD0Zrg=="
      },
      "Microsoft.Testing.Platform.MSBuild": {
        "type": "Transitive",
        "resolved": "2.1.0",
        "contentHash": "UpfPebXQtHGrWz21+YLHmJSm+5zsuPE9U9pfdCtoB+67g75fDmWlNgpkH2ZmdVhSwkjNIed9Icg8Iu63z2ei5Q==",
        "dependencies": {
          "Microsoft.Testing.Platform": "2.1.0"
        }
      },
      "Microsoft.TestPlatform.ObjectModel": {
        "type": "Transitive",
        "resolved": "18.6.0",
        "contentHash": "gQTW4BIfM2ZLxixo9ITXoulLKjn20FiiHtqTsx9PENqTrX7368ZeJ5L0QZJyReXDWORPRV8jXwZR6Aar8JOyaA=="
      },
      "Microsoft.TestPlatform.TestHost": {
        "type": "Transitive",
        "resolved": "18.6.0",
        "contentHash": "em1eLz5Q46+hsCtAXdXggWAPd9gQyT4ngdsQ7k1eWvQgpsjtS/wAOJ/5TteieFdiAvrEq1iVn00LtusAxRaVmQ==",
        "dependencies": {
          "Microsoft.TestPlatform.ObjectModel": "18.6.0",
          "Newtonsoft.Json": "13.0.3"
        }
      },
      "Newtonsoft.Json": {
        "type": "Transitive",
        "resolved": "13.0.3",
        "contentHash": "HrC5BXdl00IP9zeV+0Z848QWPAoCr9P3bDEZguI+gkLcBKAOxix/tLEAAHC+UvDNPv4a2d18lOReHMOagPa+zQ=="
      },
      "Npgsql": {
        "type": "Transitive",
        "resolved": "10.0.1",
        "contentHash": "XyUcxEfqlFomhNTG/ZdGlec+uSOQArKz0Mzz8jYKP/Jj9GM2YabU5CVZtp0yiC4f9hRp+tRZTnHMatJeJ3rwgw==",
        "dependencies": {
          "Microsoft.Extensions.Logging.Abstractions": "10.0.0"
        }
      },
      "System.IdentityModel.Tokens.Jwt": {
        "type": "Transitive",
        "resolved": "8.0.1",
        "contentHash": "GJw3bYkWpOgvN3tJo5X4lYUeIFA2HD293FPUhKmp7qxS+g5ywAb34Dnd3cDAFLkcMohy5XTpoaZ4uAHuw0uSPQ==",
        "dependencies": {
          "Microsoft.IdentityModel.JsonWebTokens": "8.0.1",
          "Microsoft.IdentityModel.Tokens": "8.0.1"
        }
      },
      "System.IO.Hashing": {
        "type": "Transitive",
        "resolved": "8.0.0",
        "contentHash": "ne1843evDugl0md7Fjzy6QjJrzsjh46ZKbhf8GwBXb5f/gw97J4bxMs0NQKifDuThh/f0bZ0e62NPl1jzTuRqA=="
      },
      "Trax.Core": {
        "type": "Transitive",
        "resolved": "1.6.0",
        "contentHash": "B0jTB0jsxtaT7dDnYrbhWHd083RMMKzlCh6AX34wYcMQCKuL+N9nObPLrzZaF3YekAVVFn2+zyIocdN28mIqCA==",
        "dependencies": {
          "LanguageExt.Core": "4.4.9",
          "Microsoft.Extensions.DependencyInjection.Abstractions": "10.0.3",
          "Microsoft.Extensions.Logging.Abstractions": "10.0.3"
        }
      },
      "Trax.Core.Testing": {
        "type": "Transitive",
        "resolved": "1.6.0",
        "contentHash": "B7JVnjyoXwObP2kEZRDkUsHrOV+VSNw2+Hz9Bx1YlqXYDXvtcmUyUk5nDTEllQnaR8+6fRm7+wnN3GM1kAsGLw==",
        "dependencies": {
          "Microsoft.CodeAnalysis.CSharp": "4.14.0",
          "NUnit": "4.4.0"
        }
      },
      "Yarp.ReverseProxy": {
        "type": "Transitive",
        "resolved": "2.3.0",
        "contentHash": "gxtkN3a+9biu9V9Zd5NaTO6VZWXAnS2mhQ0R/VXmSPoTuiQNZsakKikrKpDtKxrL5nUYzbRsHtl40WNq+ZBKKg==",
        "dependencies": {
          "System.IO.Hashing": "8.0.0"
        }
      },
      "trax.samples.bookworm": {
        "type": "Project",
        "dependencies": {
          "Trax.Effect": "[1.41.0, )",
          "Trax.Mediator": "[1.20.0, )",
          "Trax.Samples.Bookworm.Catalog": "[1.99.99, )",
          "Trax.Samples.Bookworm.Lending": "[1.99.99, )"
        }
      },
      "trax.samples.bookworm.catalog": {
        "type": "Project",
        "dependencies": {
          "Npgsql.EntityFrameworkCore.PostgreSQL": "[10.0.0, )",
          "Trax.Effect": "[1.41.0, )",
          "Trax.Effect.Data": "[1.41.0, )"
        }
      },
      "trax.samples.bookworm.crossschema": {
        "type": "Project",
        "dependencies": {
          "Trax.Api.GraphQL": "[1.38.0, )",
          "Trax.Samples.Bookworm.Catalog": "[1.99.99, )",
          "Trax.Samples.Bookworm.Lending": "[1.99.99, )"
        }
      },
      "trax.samples.bookworm.lending": {
        "type": "Project",
        "dependencies": {
          "Npgsql.EntityFrameworkCore.PostgreSQL": "[10.0.0, )",
          "Trax.Effect": "[1.41.0, )",
          "Trax.Effect.Data": "[1.41.0, )"
        }
      },
      "HotChocolate.AspNetCore": {
        "type": "CentralTransitive",
        "requested": "[15.1.17, )",
        "resolved": "15.1.16",
        "contentHash": "oUtDUupYXojHkocNcCbqP5tFD02BNoiVVPOmYaJXp78y9L2lR89OI5+mDK+QCw/qX2ftgR2LUG5/ElnccmmbmA==",
        "dependencies": {
          "ChilliCream.Nitro.App": "28.0.7",
          "HotChocolate": "15.1.16",
          "HotChocolate.Subscriptions.InMemory": "15.1.16",
          "HotChocolate.Transport.Sockets": "15.1.16",
          "HotChocolate.Types.Scalars.Upload": "15.1.16",
          "HotChocolate.Utilities.DependencyInjection": "15.1.16"
        }
      },
      "Microsoft.CodeAnalysis.CSharp": {
        "type": "CentralTransitive",
        "requested": "[4.14.0, )",
        "resolved": "4.14.0",
        "contentHash": "568a6wcTivauIhbeWcCwfWwIn7UV7MeHEBvFB2uzGIpM2OhJ4eM/FZ8KS0yhPoNxnSpjGzz7x7CIjTxhslojQA==",
        "dependencies": {
          "Microsoft.CodeAnalysis.Analyzers": "3.11.0",
          "Microsoft.CodeAnalysis.Common": "[4.14.0]"
        }
      },
      "Microsoft.EntityFrameworkCore": {
        "type": "CentralTransitive",
        "requested": "[10.0.3, )",
        "resolved": "10.0.3",
        "contentHash": "CDEImwD4A7BseABJMCpLZnhfFjmPY/bHwhhS70elc6gLI/bYUEOhxWt7PmaNGYGhIEzOnStlCy5QcVb+8dod5Q==",
        "dependencies": {
          "Microsoft.EntityFrameworkCore.Abstractions": "10.0.3",
          "Microsoft.EntityFrameworkCore.Analyzers": "10.0.3",
          "Microsoft.Extensions.Caching.Memory": "10.0.3",
          "Microsoft.Extensions.Logging": "10.0.3"
        }
      },
      "Npgsql.EntityFrameworkCore.PostgreSQL": {
        "type": "CentralTransitive",
        "requested": "[10.0.0, )",
        "resolved": "10.0.0",
        "contentHash": "E2+uSWxSB8LdsUVwPaqRWOcGOP92biry2JEwc0KJMdLJF+aZdczeIdEXVwEyv4nSVMQJH0o8tLhyAMiR6VF0lw==",
        "dependencies": {
          "Microsoft.EntityFrameworkCore": "[10.0.0, 11.0.0)",
          "Microsoft.EntityFrameworkCore.Relational": "[10.0.0, 11.0.0)",
          "Npgsql": "10.0.0"
        }
      },
      "Trax.Api": {
        "type": "CentralTransitive",
        "requested": "[1.38.0, )",
        "resolved": "1.38.0",
        "contentHash": "7fSQK806xcwJ7YNH/rgNYeDlIKUMwCn8Gry70CGbFSBUOga4VrMGiPJjX0X7RtAgb0XX1HVEVwZJAq4HH8Dw4Q==",
        "dependencies": {
          "Trax.Effect": "1.40.0",
          "Trax.Effect.Data": "1.40.0",
          "Trax.Mediator": "1.19.0",
          "Trax.Scheduler": "1.29.0"
        }
      },
      "Trax.Api.Auth": {
        "type": "CentralTransitive",
        "requested": "[1.38.0, )",
        "resolved": "1.38.0",
        "contentHash": "umWJFgGfhaVX7kW0FAFbGVjxypgjBUAN/a2gw47vE8TFoC7NgW645Fm0nAVI04ZqEczpYIsSUXf2kWcDpY4WvA==",
        "dependencies": {
          "Trax.Mediator": "1.19.0"
        }
      },
      "Trax.Api.Auth.Jwt": {
        "type": "CentralTransitive",
        "requested": "[1.38.0, )",
        "resolved": "1.38.0",
        "contentHash": "aOPTfqIfXEN/Hy9Uoms/QseSaYSlvhE6TMb4yPDqbf7+5uG3Ny91g9e7DG5GrJRrPTlXn43aU/QLmMA2uU3HgA==",
        "dependencies": {
          "Microsoft.AspNetCore.Authentication.JwtBearer": "10.0.8",
          "Trax.Api.Auth": "1.38.0"
        }
      },
      "Trax.Api.GraphQL": {
        "type": "CentralTransitive",
        "requested": "[1.38.0, )",
        "resolved": "1.38.0",
        "contentHash": "CLWX9L7dO+HO4N/D1wn5E7MCJnLyJWD03CRfN0gNg24OXGvYPf2PQn81aP3ymQy/r6cwqpYVDciNu6Ggo8TO4g==",
        "dependencies": {
          "HotChocolate.AspNetCore": "15.1.16",
          "HotChocolate.AspNetCore.Authorization": "15.1.16",
          "HotChocolate.CostAnalysis": "15.1.16",
          "HotChocolate.Data": "15.1.16",
          "HotChocolate.Data.EntityFramework": "15.1.16",
          "Trax.Api": "1.38.0",
          "Trax.Api.Auth": "1.38.0",
          "Trax.Api.Auth.Jwt": "1.38.0"
        }
      },
      "Trax.Effect": {
        "type": "CentralTransitive",
        "requested": "[1.41.0, )",
        "resolved": "1.41.0",
        "contentHash": "Tkeyd43vbDbKQ0tA7qoCCKZi21epAmnnDOIAqtQccqT0WxfujFifbtd56Sjgm4fs72KwUNDtbpjTWiGKA7+uNQ==",
        "dependencies": {
          "Microsoft.Extensions.Hosting.Abstractions": "10.0.3",
          "Microsoft.Extensions.Logging.Abstractions": "10.0.3",
          "Trax.Core": "1.6.0"
        }
      },
      "Trax.Effect.Data": {
        "type": "CentralTransitive",
        "requested": "[1.41.0, )",
        "resolved": "1.41.0",
        "contentHash": "3tr5igE+6JGXhLt1JlggSgJx+4y4AOmtnBBTIDbyvfLrdGj4Al4KNmJphzjf3KWCwMlMgoNaWTu7z2MageeE0g==",
        "dependencies": {
          "Microsoft.EntityFrameworkCore": "10.0.3",
          "Microsoft.EntityFrameworkCore.Relational": "10.0.3",
          "Npgsql": "10.0.1",
          "Trax.Effect": "1.41.0"
        }
      },
      "Trax.Mediator": {
        "type": "CentralTransitive",
        "requested": "[1.20.0, )",
        "resolved": "1.20.0",
        "contentHash": "++o5w7hEaf9SS+qyzvY2++kSECmUg1rvckCraFK+kVZ9eTYcgTJZ4jggtU/njDiZae64Fk34KE7LTS7THed/VA==",
        "dependencies": {
          "Trax.Effect": "1.41.0",
          "Trax.Effect.Data": "1.41.0"
        }
      },
      "Trax.Scheduler": {
        "type": "CentralTransitive",
        "requested": "[1.29.0, )",
        "resolved": "1.29.0",
        "contentHash": "G+917A7sZl4NJuTyv6m17eJiqEUiZrjJk/AqkJ7n1ZOcoHw2FY92xpHCvZL2syUsbZmoCfRIt3yBMZUpbTEaYw==",
        "dependencies": {
          "Cronos": "0.8.4",
          "Trax.Effect": "1.34.0",
          "Trax.Effect.Data": "1.34.0",
          "Trax.Mediator": "1.17.0"
        }
      }
    }
  }
}