{
  "version": 2,
  "dependencies": {
    "net10.0": {
      "DotNet.ReproducibleBuilds": {
        "type": "Direct",
        "requested": "[2.0.5, )",
        "resolved": "2.0.5",
        "contentHash": "8LrlvI1KpjjJ4VGSqZ16yoOCKlQnYS+Y8rYNifNrscmVh5anJcF9E4e0NiDP30BHBMUbkoJ5KdcxoRWM7Pz9Aw=="
      },
      "Microsoft.AspNetCore.App.Internal.Assets": {
        "type": "Direct",
        "requested": "[10.0.9, )",
        "resolved": "10.0.9",
        "contentHash": "E9Wp/LPKAYkGOVBv4lt5U5TnUA/7pov7QZAwF3eI64kK8AAXqkPDwuadEOwpL1WXEfgecYm0fccluvABp32D8g=="
      },
      "Trax.Api": {
        "type": "Direct",
        "requested": "[1.43.0, )",
        "resolved": "1.43.0",
        "contentHash": "9pQGVYi5M65lHpr1wpcMaUkPIVdEa/IFJ4ZVrPSJqX7Nvv55FfI5XQZyZxdOB+cfcQ9dIeJxdBlqix/TNWoImQ==",
        "dependencies": {
          "Microsoft.EntityFrameworkCore": "10.0.9",
          "Trax.Effect": "1.54.0",
          "Trax.Effect.Data": "1.54.0",
          "Trax.Mediator": "1.22.0",
          "Trax.Scheduler": "1.32.0"
        }
      },
      "Trax.Api.GraphQL": {
        "type": "Direct",
        "requested": "[1.43.0, )",
        "resolved": "1.43.0",
        "contentHash": "eGSb2xzMJJludeVxuBamkIK1aT3Z25GLIXMeoqNmkjirY1gwreggQttI6oRm3aw5SWW52weDZ7gpjTb8cvqvyw==",
        "dependencies": {
          "HotChocolate": "16.6.2",
          "HotChocolate.AspNetCore": "16.6.2",
          "HotChocolate.AspNetCore.Authorization": "16.6.2",
          "HotChocolate.CostAnalysis": "16.6.2",
          "HotChocolate.Data": "16.6.2",
          "HotChocolate.Data.EntityFramework": "16.6.2",
          "HotChocolate.Execution.Projections": "16.6.2",
          "Microsoft.AspNetCore.Authentication.JwtBearer": "10.0.9",
          "Microsoft.EntityFrameworkCore": "10.0.9",
          "Trax.Api": "1.43.0",
          "Trax.Api.Auth": "1.43.0",
          "Trax.Api.Auth.Jwt": "1.43.0",
          "Trax.Effect": "1.54.0",
          "Trax.Effect.Data": "1.54.0",
          "Trax.Mediator": "1.22.0",
          "Trax.Scheduler": "1.32.0"
        }
      },
      "Trax.Api.GraphQL.PersistedOperations": {
        "type": "Direct",
        "requested": "[1.43.0, )",
        "resolved": "1.43.0",
        "contentHash": "gTykMKLkREvzAbjvKDji9I7MMAsOP6/LvkMONvFNixix/2Zso8xcPcyGV0vc9iBvsPKflqxTwAFh4s1wb3dvNg==",
        "dependencies": {
          "HotChocolate": "16.6.2",
          "HotChocolate.AspNetCore": "16.6.2",
          "HotChocolate.AspNetCore.Authorization": "16.6.2",
          "HotChocolate.CostAnalysis": "16.6.2",
          "HotChocolate.Data": "16.6.2",
          "HotChocolate.Data.EntityFramework": "16.6.2",
          "HotChocolate.Execution.Projections": "16.6.2",
          "Microsoft.AspNetCore.Authentication.JwtBearer": "10.0.9",
          "Microsoft.EntityFrameworkCore": "10.0.9",
          "RabbitMQ.Client": "7.2.1",
          "Trax.Api.GraphQL": "1.43.0",
          "Trax.Effect": "1.54.0",
          "Trax.Effect.Data": "1.54.0",
          "Trax.Mediator": "1.22.0",
          "Trax.Scheduler": "1.32.0"
        }
      },
      "Trax.Dashboard": {
        "type": "Direct",
        "requested": "[1.15.0, )",
        "resolved": "1.15.0",
        "contentHash": "ittY0teuwX88P+lJr4LPR4aQ4Cqo6r0fnn+Nomg5yZV6vrsTMXRGDlCnK1EVfT3PfFyt/IwkTARhlvHPSI8oZQ==",
        "dependencies": {
          "Radzen.Blazor": "11.2.0",
          "Trax.Api.GraphQL.PersistedOperations": "1.38.0",
          "Trax.Effect": "1.41.0",
          "Trax.Effect.Data": "1.41.0",
          "Trax.Mediator": "1.20.0",
          "Trax.Scheduler": "1.29.0"
        }
      },
      "Trax.Effect.Provider.Json": {
        "type": "Direct",
        "requested": "[1.54.0, )",
        "resolved": "1.54.0",
        "contentHash": "S/nYhrOjtjtHRrkwcxO0zvDZ58Eax5kWggxb/fF3l6pBQ5rrwoSi/7dS+vu5p02RuliOxsPNpM8WvsAOQLv/Sg==",
        "dependencies": {
          "Trax.Core": "1.6.0",
          "Trax.Effect": "1.54.0"
        }
      },
      "Trax.Scheduler": {
        "type": "Direct",
        "requested": "[1.32.0, )",
        "resolved": "1.32.0",
        "contentHash": "lzn71nxAsNbS8Y7OmauOPFxY8uP5c9x2m1ehMISSB5fmtiUaaONe/zsQW/BRyiqXPqoWKu99Z31ikaV3O6wYGg==",
        "dependencies": {
          "Cronos": "0.13.0",
          "Npgsql": "10.0.3",
          "Trax.Effect": "1.43.0",
          "Trax.Effect.Data": "1.43.0",
          "Trax.Mediator": "1.20.0"
        }
      },
      "ChilliCream.Nitro.App": {
        "type": "Transitive",
        "resolved": "32.0.2",
        "contentHash": "wSD2dFFraVpIsQDiy31k1vkGWYAGdzNVXOhtOIujMt/ADAzfkEbJUsPyF4qoktFspepN4VrAN7DMS8QRqkEhTg==",
        "dependencies": {
          "Yarp.ReverseProxy": "2.3.0"
        }
      },
      "Cronos": {
        "type": "Transitive",
        "resolved": "0.13.0",
        "contentHash": "Nkve+Yi0+ol3ntSBRHeW0ka9cJQ8vndSUvvkXqF9LVqwpoqWueyxu/HS275r98RDOmF7/mzRnZW5XXUBXob+TA=="
      },
      "dbup-core": {
        "type": "Transitive",
        "resolved": "6.1.1",
        "contentHash": "kgpuyJVEFJHoIj/slnc994Go88aoeZqNDfGHDBr4sh7CsEWwJhOTCt/FJqO4ziUImL5L0NEY0kxxOiNgPKI2Fw=="
      },
      "dbup-postgresql": {
        "type": "Transitive",
        "resolved": "7.0.1",
        "contentHash": "mRnmENWWPuuMZ538gOd1mZnzucx6FQk0anmw3EABjGfcbp24FDb9QdGepYrDiaM8K9s5/gd49+5cmBOlniH/lg==",
        "dependencies": {
          "Npgsql": "10.0.1",
          "dbup-core": "6.1.1"
        }
      },
      "EFCore.NamingConventions": {
        "type": "Transitive",
        "resolved": "10.0.1",
        "contentHash": "Xs5k8XfNKPkkQSkGmZkmDI1je0prLTdxse+s8PgTFZxyBrlrTLzTBUTVJtQKSsbvu4y+luAv8DdtO5SALJE++A==",
        "dependencies": {
          "Microsoft.EntityFrameworkCore": "[10.0.1, 11.0.0)",
          "Microsoft.EntityFrameworkCore.Relational": "[10.0.1, 11.0.0)"
        }
      },
      "GreenDonut": {
        "type": "Transitive",
        "resolved": "16.6.2",
        "contentHash": "/A/tTBN71+2g1Q4SIWF2fr0RfzA0TCd3fA5JXH1ziI3wMYo5qEDkk8GMFelyO9UfaWuKFwyGcJyxuJfziVv72Q==",
        "dependencies": {
          "GreenDonut.Abstractions": "16.6.2"
        }
      },
      "GreenDonut.Abstractions": {
        "type": "Transitive",
        "resolved": "16.6.2",
        "contentHash": "bqpPN8uw6d62vJAYXSD3vus6sj5acggpaeEuF+L+g+U67Qq0PGZyiFANKPJZgU1Sj83YA7VxZzo7AlyqCimsRw=="
      },
      "GreenDonut.Data": {
        "type": "Transitive",
        "resolved": "16.6.2",
        "contentHash": "TW9Xqz9VlW0HDApGReuQrlOkWinenqWYjEhItTYeZdiAJjKkB1h42fqGUpxi7ODkG1pPhO1Zna7RziWOwvSYlg==",
        "dependencies": {
          "GreenDonut": "16.6.2",
          "GreenDonut.Data.Abstractions": "16.6.2"
        }
      },
      "GreenDonut.Data.Abstractions": {
        "type": "Transitive",
        "resolved": "16.6.2",
        "contentHash": "17GBXapEl35p+U0nRXX2SVyi+cL2OzMqonw2JyBHVILyNVwbG9wV2yqlaQKUeoqWT/1a0w5PIiTye4doxx107A==",
        "dependencies": {
          "GreenDonut.Abstractions": "16.6.2",
          "GreenDonut.Data.Primitives": "16.6.2"
        }
      },
      "GreenDonut.Data.EntityFramework": {
        "type": "Transitive",
        "resolved": "16.6.2",
        "contentHash": "8SabG5hkQYWV5mW7bHp3WkeCG2kmGb8SjddUbHkJEpnzElZ+rNzzkUiIft7kCZL5Ap3GYKJKogjejwPosoQUPA==",
        "dependencies": {
          "GreenDonut.Data": "16.6.2",
          "Microsoft.EntityFrameworkCore": "10.0.0"
        }
      },
      "GreenDonut.Data.Primitives": {
        "type": "Transitive",
        "resolved": "16.6.2",
        "contentHash": "IoTdzMuRMfspuQGDrgf6tHK2cNw3zQvKi03KTbB73BoI4Mi0oz4z6WsGR4UEVBW4v4hHLTlLJHioZFT0oILY8g=="
      },
      "HotChocolate": {
        "type": "Transitive",
        "resolved": "16.6.2",
        "contentHash": "gxnD8FlGPZ3NSaVF5fuP862HfXA1IUt0hErn3WQfl0/SYrfA0UA7fXErgJMUpV8eLtzE55IXmV3Q0qn/aSBBBw==",
        "dependencies": {
          "HotChocolate.Authorization": "16.6.2",
          "HotChocolate.CostAnalysis": "16.6.2",
          "HotChocolate.Execution.Projections": "16.6.2",
          "HotChocolate.Types": "16.6.2",
          "HotChocolate.Types.CursorPagination": "16.6.2",
          "HotChocolate.Types.CursorPagination.Extensions": "16.6.2",
          "HotChocolate.Types.Mutations": "16.6.2",
          "HotChocolate.Types.Queries": "16.6.2",
          "HotChocolate.Validation": "16.6.2"
        }
      },
      "HotChocolate.Abstractions": {
        "type": "Transitive",
        "resolved": "16.6.2",
        "contentHash": "ClhlFnbO4BNieKU0XDww/SY/PMBl7tOiYwa/eYktwqO3YdiEj1JIpNBiOmxosufKYchJ63/Th6v307zfJojAQA==",
        "dependencies": {
          "HotChocolate.Execution.Abstractions": "16.6.2",
          "HotChocolate.Language": "16.6.2",
          "HotChocolate.Primitives": "16.6.2"
        }
      },
      "HotChocolate.AspNetCore.Authorization": {
        "type": "Transitive",
        "resolved": "16.6.2",
        "contentHash": "z1eKcIj2sssB/SmOeHv7SSOcyVA4sNImUCcKZHRd+1oisPJMCMC/PFyGQdVVA0bHAAfzyMSBWOaWYxzPuXUleQ==",
        "dependencies": {
          "HotChocolate": "16.6.2"
        }
      },
      "HotChocolate.AspNetCore.Pipeline": {
        "type": "Transitive",
        "resolved": "16.6.2",
        "contentHash": "eiO93vtPY2Gxmd8S/oVlUvDF2+11cunweC7K6RZSY7jupmjBr8YiofvwdL/Pe/4TP2Mbemwfo1+cBZSdT/bVpA==",
        "dependencies": {
          "ChilliCream.Nitro.App": "32.0.2",
          "HotChocolate.Caching.Memory": "16.6.2",
          "HotChocolate.PersistedOperations.Abstractions": "16.6.2",
          "HotChocolate.Transport.Formatters": "16.6.2",
          "HotChocolate.Transport.Sockets": "16.6.2"
        }
      },
      "HotChocolate.Authorization": {
        "type": "Transitive",
        "resolved": "16.6.2",
        "contentHash": "7owE7r0MpddA+tOtpwCfaRqp5nxF2jWP+lhzdvzSMxKzO4Of74UQo2pwzl136Sv6SKME1Ln6ywJjMrSns1PiNg==",
        "dependencies": {
          "HotChocolate.Types": "16.6.2"
        }
      },
      "HotChocolate.Caching.Memory": {
        "type": "Transitive",
        "resolved": "16.6.2",
        "contentHash": "dchJCfV4ZgDvV6qtLgQx+3m9CQcByvS9LmTrIa/fd9tmjrMD782QgWZzGzfKg6JgUc7SQgC3g/3KFOaOxcistg=="
      },
      "HotChocolate.CostAnalysis": {
        "type": "Transitive",
        "resolved": "16.6.2",
        "contentHash": "yIQ89WAkH07D+WKj+uhr56k7AzFVvE2MGyxekYl836gwJ0OCFFNifvYdUvCZ9upBKmHWm4jUpujFVUVcnIeJrg==",
        "dependencies": {
          "HotChocolate.Types": "16.6.2"
        }
      },
      "HotChocolate.Data": {
        "type": "Transitive",
        "resolved": "16.6.2",
        "contentHash": "STlU+MGdNJy3w0G1J5eVRclQ0VIHgksRk/Zul1QDmBYCOT+sy+tOUn1/HJIqNWWmixEQu6L0GMQP7aZ6pXA9Bg==",
        "dependencies": {
          "GreenDonut.Data": "16.6.2",
          "GreenDonut.Data.Abstractions": "16.6.2",
          "GreenDonut.Data.Primitives": "16.6.2",
          "HotChocolate.Execution.Operation.Abstractions": "16.6.2",
          "HotChocolate.Execution.Projections": "16.6.2",
          "HotChocolate.Types": "16.6.2",
          "HotChocolate.Types.CursorPagination.Extensions": "16.6.2"
        }
      },
      "HotChocolate.Data.EntityFramework": {
        "type": "Transitive",
        "resolved": "16.6.2",
        "contentHash": "qjkLk9bfpTjb9eMiIx1az3OtZcS6oEhdLQz5e2FiANJF20ay4MDtdT3DozzwU19Aa+57aiK+H8Gd9UlQmAzPgg==",
        "dependencies": {
          "GreenDonut.Data": "16.6.2",
          "GreenDonut.Data.Abstractions": "16.6.2",
          "GreenDonut.Data.EntityFramework": "16.6.2",
          "HotChocolate": "16.6.2",
          "HotChocolate.Data": "16.6.2",
          "Microsoft.EntityFrameworkCore": "10.0.0"
        }
      },
      "HotChocolate.Execution.Abstractions": {
        "type": "Transitive",
        "resolved": "16.6.2",
        "contentHash": "FKrCBEB42RP9D8TPo2rE4rzERfQyPGj5Z/OZxvroaBP76B5ptrEUprcVcHHL5fj8J2slqJk3lpG5Akz+TjOYpQ==",
        "dependencies": {
          "HotChocolate.Features": "16.6.2",
          "HotChocolate.Language.SyntaxTree": "16.6.2",
          "HotChocolate.Language.Web": "16.6.2",
          "HotChocolate.Primitives": "16.6.2",
          "HotChocolate.Text.Json": "16.6.2",
          "HotChocolate.Types.Abstractions": "16.6.2",
          "HotChocolate.Utilities.Buffers": "16.6.2",
          "HotChocolate.Utilities.Tasks": "16.6.2"
        }
      },
      "HotChocolate.Execution.Configuration.Abstractions": {
        "type": "Transitive",
        "resolved": "16.6.2",
        "contentHash": "PmoI2IX57BTnrrvPQJnfqtlRogMohTueuqfQx6ZzBfGVeBbCM5ZOgVZ4oI/7WNANkvGSsh/dmkmeyyIx+fSlmw==",
        "dependencies": {
          "HotChocolate.Abstractions": "16.6.2"
        }
      },
      "HotChocolate.Execution.Operation.Abstractions": {
        "type": "Transitive",
        "resolved": "16.6.2",
        "contentHash": "poY8/O5SZoYKXx0u+wr8SPZ6ed8qXelzXaXnCgtxU3/OMLzhjtRFm5V3++jLLPT+07Si4yWifmuwSgCR31iA/w==",
        "dependencies": {
          "HotChocolate.Features": "16.6.2",
          "HotChocolate.Types.Abstractions": "16.6.2"
        }
      },
      "HotChocolate.Execution.Pipeline": {
        "type": "Transitive",
        "resolved": "16.6.2",
        "contentHash": "0wzE3mmXe4vwP6n3V+1NQ1lX24yFTUFiYOr2f1j9M6wAHlD7aCja9ObfwSyR9qTqyovU2UOiFv/aZuns7oz8LA==",
        "dependencies": {
          "HotChocolate.Execution.Abstractions": "16.6.2",
          "HotChocolate.Validation": "16.6.2"
        }
      },
      "HotChocolate.Execution.Projections": {
        "type": "Transitive",
        "resolved": "16.6.2",
        "contentHash": "Pl8XSlVzgniM0th7kAa/h6jFAfHypjlXivXmaj4JNld0TaA/cZg6TE893fyzDCz69yHh/0ROHNfn1gzg0YU13w==",
        "dependencies": {
          "GreenDonut.Data": "16.6.2",
          "GreenDonut.Data.Abstractions": "16.6.2",
          "GreenDonut.Data.Primitives": "16.6.2",
          "HotChocolate.Caching.Memory": "16.6.2",
          "HotChocolate.Execution.Configuration.Abstractions": "16.6.2",
          "HotChocolate.Types": "16.6.2"
        }
      },
      "HotChocolate.Features": {
        "type": "Transitive",
        "resolved": "16.6.2",
        "contentHash": "A9lkq1U+WSrBKQuSkX208VTR5iHtlq/osm0+H4t+dNCb+m1qkik0+m33q681Cvt2Gsvm1yxQ/8eMr/d0tW+twA=="
      },
      "HotChocolate.Fusion.Language": {
        "type": "Transitive",
        "resolved": "16.6.2",
        "contentHash": "Qf+RLlW6NcK8T9dB3wSr8LGi6m64MmKfaq2OLauiZJlSJWhnfLe1uXVYwiBtq5PGOEF+XxRWVYDhTo98iSE9Ag=="
      },
      "HotChocolate.Fusion.Utilities": {
        "type": "Transitive",
        "resolved": "16.6.2",
        "contentHash": "5BwUS/LR2Gk7mxSo6ry7n8Xe85qKMXCY4oVywd0jz3mUpjxUoJoD9VZSi/Ny3thnGKsrcmPdohgpkWMJH2aMjQ==",
        "dependencies": {
          "HotChocolate.Execution.Abstractions": "16.6.2",
          "HotChocolate.Fusion.Language": "16.6.2",
          "HotChocolate.Language": "16.6.2",
          "HotChocolate.Types.Abstractions": "16.6.2"
        }
      },
      "HotChocolate.Language": {
        "type": "Transitive",
        "resolved": "16.6.2",
        "contentHash": "EJjynWC1BhOnGUW0t8KntQ65KqHdj1rTlpHUr20jOQwnQjX4vZfSc2webeN1OxFC4NQVLZZC/qYOoTsLt6Pgxg==",
        "dependencies": {
          "HotChocolate.Language.SyntaxTree": "16.6.2",
          "HotChocolate.Language.Utf8": "16.6.2",
          "HotChocolate.Language.Visitors": "16.6.2",
          "HotChocolate.Language.Web": "16.6.2"
        }
      },
      "HotChocolate.Language.SyntaxTree": {
        "type": "Transitive",
        "resolved": "16.6.2",
        "contentHash": "2j/S3JVqvzyQa4z2BtkparMEkptdV+DEUSj4i8QR1zV8n/Aplvk4polFEpuxquXt+hwgwztmh2z75nOmnOvzXw==",
        "dependencies": {
          "HotChocolate.Utilities.Buffers": "16.6.2"
        }
      },
      "HotChocolate.Language.Utf8": {
        "type": "Transitive",
        "resolved": "16.6.2",
        "contentHash": "gVQU/LD2YGB6ar8jrJQ69zKlvIBtZch1LULPH+1dWSAIVmepqyGTNqTk86GASCgEExT2OkUJPLBBYgo62ZvR4w==",
        "dependencies": {
          "HotChocolate.Language.SyntaxTree": "16.6.2",
          "HotChocolate.Language.Utf8.SyntaxTree": "16.6.2",
          "HotChocolate.Utilities.Buffers": "16.6.2"
        }
      },
      "HotChocolate.Language.Utf8.SyntaxTree": {
        "type": "Transitive",
        "resolved": "16.6.2",
        "contentHash": "EnPQIYUej6xpZfDrA+EBCjB4PySZ/1OId05n5I6PJ3ApZROh+dikIl1H97CL9IAT1R1m9HCIwDYTnOciPLKj2A==",
        "dependencies": {
          "HotChocolate.Language.SyntaxTree": "16.6.2",
          "HotChocolate.Utilities.Buffers": "16.6.2"
        }
      },
      "HotChocolate.Language.Visitors": {
        "type": "Transitive",
        "resolved": "16.6.2",
        "contentHash": "AWYLpsrhH372AUY2Z1ggloh3AiCG+ppRClSYid9O7IWvLk0NEMCnH0yoHRR+fvtjiTyduCGRkh4QkxAaQi3EZg==",
        "dependencies": {
          "HotChocolate.Language.SyntaxTree": "16.6.2"
        }
      },
      "HotChocolate.Language.Web": {
        "type": "Transitive",
        "resolved": "16.6.2",
        "contentHash": "gepIvjgHEUuS9CPB2o7uo6Q9ci4YAS7LX+y9ZgVxs+azAdVP8kQAVcCkSHp640TPgmi2jcMt5PhYyZtVn2WHcQ==",
        "dependencies": {
          "HotChocolate.Language.Utf8": "16.6.2",
          "HotChocolate.Language.Visitors": "16.6.2"
        }
      },
      "HotChocolate.PersistedOperations.Abstractions": {
        "type": "Transitive",
        "resolved": "16.6.2",
        "contentHash": "zCQGp9HXjY5Xlcv7St8+G9YaWtjqE+PtAkVlyNktxQwkqACOz7WyEo0Ik7YIn0x6jgi3+VAOe53UoQD3SoHGDg==",
        "dependencies": {
          "HotChocolate.Execution.Abstractions": "16.6.2"
        }
      },
      "HotChocolate.PersistedOperations.Pipeline": {
        "type": "Transitive",
        "resolved": "16.6.2",
        "contentHash": "4yQ6Fj+i2Rxn0h20IpV08lkqOqso9cVS4IbE/8Gi/vn4GTAPY2LNFMfxc6Hq/3cDFQxaFCavnnVPp4NPbRnhiA==",
        "dependencies": {
          "HotChocolate.PersistedOperations.Abstractions": "16.6.2"
        }
      },
      "HotChocolate.Primitives": {
        "type": "Transitive",
        "resolved": "16.6.2",
        "contentHash": "vT0OrbDrBZiaAM3pgtVrJZRoon/fiYxvVheGtVQso3UyvgWGdnfUyZQssrys83yW8epR/8N49nC/buNW+2qtAQ==",
        "dependencies": {
          "HotChocolate.Language": "16.6.2"
        }
      },
      "HotChocolate.Subscriptions": {
        "type": "Transitive",
        "resolved": "16.6.2",
        "contentHash": "ce1tM4QzmKPnw0grEvFK06NQamCT9pc/5OPmmxfPCwvfiGmaQGr077ypAoT+VgLYbAn1TPWt2TPNZ3/RQ0vpUQ==",
        "dependencies": {
          "HotChocolate.Abstractions": "16.6.2",
          "HotChocolate.Execution.Configuration.Abstractions": "16.6.2",
          "HotChocolate.Utilities": "16.6.2"
        }
      },
      "HotChocolate.Subscriptions.InMemory": {
        "type": "Transitive",
        "resolved": "16.6.2",
        "contentHash": "NBzBEZWB7w0KxrVd3RlSYck4YDTTRWWXTzEkLeaMYYEWU7lz+Aw9DkmjGYy1NAjZzp6vUwogBdBxxny19zQCWg==",
        "dependencies": {
          "HotChocolate.Execution.Configuration.Abstractions": "16.6.2",
          "HotChocolate.Subscriptions": "16.6.2"
        }
      },
      "HotChocolate.Text.Json": {
        "type": "Transitive",
        "resolved": "16.6.2",
        "contentHash": "Hy2QvCW1ytOvBcXkG/jC8XsIK7bmP/UhpoMKkXv+3CskVMT9m7H6oGAAno0oqwx6aX8/F8Xc4ZJhRH0kZxtpsw=="
      },
      "HotChocolate.Transport.Formatters": {
        "type": "Transitive",
        "resolved": "16.6.2",
        "contentHash": "TqHU/Dz09zK7UYABL4O4N1PODYf2VuhtLC6p9b7FgYPb04m3ttCOaSc1sMeyW7yiTB19ITTcNDQg1J/FXHioYw==",
        "dependencies": {
          "HotChocolate.Execution.Abstractions": "16.6.2",
          "HotChocolate.Utilities.Buffers": "16.6.2",
          "HotChocolate.Utilities.Tasks": "16.6.2"
        }
      },
      "HotChocolate.Transport.Sockets": {
        "type": "Transitive",
        "resolved": "16.6.2",
        "contentHash": "Q471nFFQNmtDyiMQcK4KH8edE4pI+yKZrFGw78OGnwQK8OTmYrkw2/Z5Pq0Pge2rS70RQZes8z3y9ulrs08OTQ=="
      },
      "HotChocolate.Types": {
        "type": "Transitive",
        "resolved": "16.6.2",
        "contentHash": "mGIviU2hDm5dOjymq2xgTCJ0WXZkfzn87e+Dw1X8va3zRR/xINYAIJLdeC79L8hDvozaD1MykK5xC3WjHTBWgg==",
        "dependencies": {
          "GreenDonut": "16.6.2",
          "GreenDonut.Data.Primitives": "16.6.2",
          "HotChocolate.Abstractions": "16.6.2",
          "HotChocolate.Caching.Memory": "16.6.2",
          "HotChocolate.Execution.Abstractions": "16.6.2",
          "HotChocolate.Execution.Configuration.Abstractions": "16.6.2",
          "HotChocolate.Execution.Operation.Abstractions": "16.6.2",
          "HotChocolate.Execution.Pipeline": "16.6.2",
          "HotChocolate.Features": "16.6.2",
          "HotChocolate.Fusion.Language": "16.6.2",
          "HotChocolate.Fusion.Utilities": "16.6.2",
          "HotChocolate.PersistedOperations.Abstractions": "16.6.2",
          "HotChocolate.PersistedOperations.Pipeline": "16.6.2",
          "HotChocolate.Text.Json": "16.6.2",
          "HotChocolate.Transport.Formatters": "16.6.2",
          "HotChocolate.Types.Abstractions": "16.6.2",
          "HotChocolate.Utilities": "16.6.2",
          "HotChocolate.Utilities.Base36": "16.6.2",
          "HotChocolate.Utilities.DependencyInjection": "16.6.2"
        }
      },
      "HotChocolate.Types.Abstractions": {
        "type": "Transitive",
        "resolved": "16.6.2",
        "contentHash": "1rkTEBf4hCb0uNgEc+7HcIEasHcZOpDsoScKyfubp1YtiVY57LmiIPv5rDxNZpnNa93dHM0ctHkLlvcshNOx3A==",
        "dependencies": {
          "HotChocolate.Features": "16.6.2",
          "HotChocolate.Primitives": "16.6.2"
        }
      },
      "HotChocolate.Types.CursorPagination": {
        "type": "Transitive",
        "resolved": "16.6.2",
        "contentHash": "bpfVaBG55y2QC33jyAOfck/nw4LHH95x3CmF4AUqlOWu+Rr9IFuCDwF/ZMT5y4LAEEq3pMntsLkaY5fOUdyimQ==",
        "dependencies": {
          "HotChocolate.Execution.Configuration.Abstractions": "16.6.2",
          "HotChocolate.Types": "16.6.2"
        }
      },
      "HotChocolate.Types.CursorPagination.Extensions": {
        "type": "Transitive",
        "resolved": "16.6.2",
        "contentHash": "0p2DF6rgysZVvwEvE3oIbVUdYl6EaITYGA2lhImCqXaHHHV8XdoT9aB0lp8lFwoEoQQO1jCX6fbZHSx2hUZBWg==",
        "dependencies": {
          "GreenDonut.Data": "16.6.2",
          "HotChocolate.Types.CursorPagination": "16.6.2"
        }
      },
      "HotChocolate.Types.Errors": {
        "type": "Transitive",
        "resolved": "16.6.2",
        "contentHash": "UZsiWrOUQ7Sk0zHQP6ZSq5sWdfS1EqMoRD4EPGA9dOmLQCiJjlmtTazsTc08+c9ffGWboYyhC1YEsR1td3WkEw==",
        "dependencies": {
          "HotChocolate.Types": "16.6.2"
        }
      },
      "HotChocolate.Types.Mutations": {
        "type": "Transitive",
        "resolved": "16.6.2",
        "contentHash": "zXs7pqiR61l7aRRh9YVHp4mRHWFCfymdZJom6uWEiBmuTZBbibLRIbO5E17yyCZ8KMBlTNktgoqL4RjQAy2vKQ==",
        "dependencies": {
          "HotChocolate.Types": "16.6.2",
          "HotChocolate.Types.Errors": "16.6.2"
        }
      },
      "HotChocolate.Types.Queries": {
        "type": "Transitive",
        "resolved": "16.6.2",
        "contentHash": "Z1X242v1Rxi/QEM2aiEpQNJu4vfalLLdihXMRP3aCKtMUfY0S7WueBzryc1AyWepmtTtNOnoyeUvkIe+M7tjTg==",
        "dependencies": {
          "HotChocolate.Types": "16.6.2",
          "HotChocolate.Types.Errors": "16.6.2"
        }
      },
      "HotChocolate.Types.Scalars.Upload": {
        "type": "Transitive",
        "resolved": "16.6.2",
        "contentHash": "mVZHhAzk08lE8f86pqP3MVX/XN2e1VsnNEzYNHq4STl1HAgtJb/uiI1UZTdOMzNci1UxBBfHTJQZPyUlCCX6Ng==",
        "dependencies": {
          "HotChocolate.Types": "16.6.2"
        }
      },
      "HotChocolate.Utilities": {
        "type": "Transitive",
        "resolved": "16.6.2",
        "contentHash": "1p6gufT+KtspLyXwgUIWfUHY9/OL7h+/yIkbHzYCCHrdaw5qDPL+EVlVZ4f0yF4Uruow1wcdmDaXzT/ONBDZcg==",
        "dependencies": {
          "HotChocolate.Utilities.Buffers": "16.6.2",
          "HotChocolate.Utilities.Tasks": "16.6.2"
        }
      },
      "HotChocolate.Utilities.Base36": {
        "type": "Transitive",
        "resolved": "16.6.2",
        "contentHash": "+DCyC+4ATVRq+UYXXj/GO0HoZF19+N9NYv5fQ8SDmeKiH2mfHL7lih90mqwTAhlO/dC+qjpWa+xKT5QdNsxmaA=="
      },
      "HotChocolate.Utilities.Buffers": {
        "type": "Transitive",
        "resolved": "16.6.2",
        "contentHash": "uHBYJ+Qwj4iYxcBGj0bchm/93rZznPUExRAkL4okXzdJJwIndEKx+nD732/K36BFwxhM48zt+9CO8LAvifhO4g=="
      },
      "HotChocolate.Utilities.DependencyInjection": {
        "type": "Transitive",
        "resolved": "16.6.2",
        "contentHash": "wnK2aqF307PWGZXcKo/PPynRFuwx5ElLF4j8ixB03vzPG/eL10FGz4saN4TbPMHGTve1CZ8ywFWQ3ilCjhu4YA=="
      },
      "HotChocolate.Utilities.Tasks": {
        "type": "Transitive",
        "resolved": "16.6.2",
        "contentHash": "RzSzuVdUvpzpV9qEyFB+BBCH3fBRhCTSlQF2er3LMF32X5nf56a/UslEc4150HCmuOK1pgXETc2S0Q4zpJld7A=="
      },
      "HotChocolate.Validation": {
        "type": "Transitive",
        "resolved": "16.6.2",
        "contentHash": "ktAKJmUxRwFPQ+wfa5iexU+UcDyLWvAEz/dcBKVsnBifGCpCgJHHHx4yax9V6oc6oRjvPz1SVAYMHybTailXKg==",
        "dependencies": {
          "HotChocolate.Execution.Abstractions": "16.6.2",
          "HotChocolate.Types.Abstractions": "16.6.2"
        }
      },
      "LanguageExt.Core": {
        "type": "Transitive",
        "resolved": "4.4.9",
        "contentHash": "K9VGWkThJkaomifa3zcmwysw1BaSqIZZPZc6trBnJN8u9mpmA/cMMwCWEa/v7bPv/+NnG6PbyIDB7HtxBX7yCQ==",
        "dependencies": {
          "Microsoft.Bcl.AsyncInterfaces": "7.0.0"
        }
      },
      "Microsoft.AspNetCore.Authentication.JwtBearer": {
        "type": "Transitive",
        "resolved": "10.0.9",
        "contentHash": "Hs5NDsGm8YicDDNx5RoBIT+H2AB9R27MvZ2gHoupTiHr+nnH3VxzY7DcmlbJ3b5DvvOhK35lWt/9Odtrq9sjtA==",
        "dependencies": {
          "Microsoft.IdentityModel.Protocols.OpenIdConnect": "8.0.1"
        }
      },
      "Microsoft.Bcl.AsyncInterfaces": {
        "type": "Transitive",
        "resolved": "7.0.0",
        "contentHash": "3aeMZ1N0lJoSyzqiP03hqemtb1BijhsJADdobn/4nsMJ8V1H+CrpuduUe4hlRdx+ikBQju1VGjMD1GJ3Sk05Eg=="
      },
      "Microsoft.EntityFrameworkCore.Abstractions": {
        "type": "Transitive",
        "resolved": "10.0.12",
        "contentHash": "kDrux7T6C3V/YYYe2LXr7x6AEsVyq5Y2YoTE9er1SwbDtap3z1g8RgxNh5eKQVyB4T+DKvBBJ4Ezd/VZzJQJZg=="
      },
      "Microsoft.EntityFrameworkCore.Analyzers": {
        "type": "Transitive",
        "resolved": "10.0.12",
        "contentHash": "Kd4o2oO1A6dfKxjz5LS16QyLtpCFTUiFWwmBABETAXRsSImBdRdWeKjSgbbRhAMiV3a3/nWr95ZtzClT4uaADQ=="
      },
      "Microsoft.EntityFrameworkCore.Relational": {
        "type": "Transitive",
        "resolved": "10.0.4",
        "contentHash": "DOTjTHy93W3TwpMLM4SCm0n57Sc0Jj3+m2S6LSTstKyBB34eT1UouaMS19mpWwvtj42+sRiEjA3+rOTNoNzXFQ==",
        "dependencies": {
          "Microsoft.EntityFrameworkCore": "10.0.4"
        }
      },
      "Microsoft.IdentityModel.Abstractions": {
        "type": "Transitive",
        "resolved": "8.0.1",
        "contentHash": "OtlIWcyX01olfdevPKZdIPfBEvbcioDyBiE/Z2lHsopsMD7twcKtlN9kMevHmI5IIPhFpfwCIiR6qHQz1WHUIw=="
      },
      "Microsoft.IdentityModel.JsonWebTokens": {
        "type": "Transitive",
        "resolved": "8.0.1",
        "contentHash": "s6++gF9x0rQApQzOBbSyp4jUaAlwm+DroKfL8gdOHxs83k8SJfUXhuc46rDB3rNXBQ1MVRxqKUrqFhO/M0E97g==",
        "dependencies": {
          "Microsoft.IdentityModel.Tokens": "8.0.1"
        }
      },
      "Microsoft.IdentityModel.Logging": {
        "type": "Transitive",
        "resolved": "8.0.1",
        "contentHash": "UCPF2exZqBXe7v/6sGNiM6zCQOUXXQ9+v5VTb9gPB8ZSUPnX53BxlN78v2jsbIvK9Dq4GovQxo23x8JgWvm/Qg==",
        "dependencies": {
          "Microsoft.IdentityModel.Abstractions": "8.0.1"
        }
      },
      "Microsoft.IdentityModel.Protocols": {
        "type": "Transitive",
        "resolved": "8.0.1",
        "contentHash": "uA2vpKqU3I2mBBEaeJAWPTjT9v1TZrGWKdgK6G5qJd03CLx83kdiqO9cmiK8/n1erkHzFBwU/RphP83aAe3i3g==",
        "dependencies": {
          "Microsoft.IdentityModel.Tokens": "8.0.1"
        }
      },
      "Microsoft.IdentityModel.Protocols.OpenIdConnect": {
        "type": "Transitive",
        "resolved": "8.0.1",
        "contentHash": "AQDbfpL+yzuuGhO/mQhKNsp44pm5Jv8/BI4KiFXR7beVGZoSH35zMV3PrmcfvSTsyI6qrcR898NzUauD6SRigg==",
        "dependencies": {
          "Microsoft.IdentityModel.Protocols": "8.0.1",
          "System.IdentityModel.Tokens.Jwt": "8.0.1"
        }
      },
      "Microsoft.IdentityModel.Tokens": {
        "type": "Transitive",
        "resolved": "8.0.1",
        "contentHash": "kDimB6Dkd3nkW2oZPDkMkVHfQt3IDqO5gL0oa8WVy3OP4uE8Ij+8TXnqg9TOd9ufjsY3IDiGz7pCUbnfL18tjg==",
        "dependencies": {
          "Microsoft.IdentityModel.Logging": "8.0.1"
        }
      },
      "Npgsql": {
        "type": "Transitive",
        "resolved": "10.0.3",
        "contentHash": "7nb5YzXuvWWJxB0J8DiyL3we+X4FOctZrt0fIBnucOIaIevFEEwGQVZKtiu9olXdlNAK1eNgqSral6r/jlhI4w=="
      },
      "RabbitMQ.Client": {
        "type": "Transitive",
        "resolved": "7.2.1",
        "contentHash": "YKXEfg9fVQiTKgZlvIhAfPSFaamEgi8DsQmisCH0IAsU4FYLrtoguDrDj6JtJVGUt40QPnBLRH6fTQcAC4qsOg=="
      },
      "Radzen.Blazor": {
        "type": "Transitive",
        "resolved": "11.2.0",
        "contentHash": "hBnrzApLsABPPT1CsaWfDxOKDxo0UzD+wu7i8gcmp0+/BO9AQdGIxBudq9heVOcwDjSpRtvhsFDkifTyl3Urzw=="
      },
      "System.IdentityModel.Tokens.Jwt": {
        "type": "Transitive",
        "resolved": "8.0.1",
        "contentHash": "GJw3bYkWpOgvN3tJo5X4lYUeIFA2HD293FPUhKmp7qxS+g5ywAb34Dnd3cDAFLkcMohy5XTpoaZ4uAHuw0uSPQ==",
        "dependencies": {
          "Microsoft.IdentityModel.JsonWebTokens": "8.0.1",
          "Microsoft.IdentityModel.Tokens": "8.0.1"
        }
      },
      "System.IO.Hashing": {
        "type": "Transitive",
        "resolved": "8.0.0",
        "contentHash": "ne1843evDugl0md7Fjzy6QjJrzsjh46ZKbhf8GwBXb5f/gw97J4bxMs0NQKifDuThh/f0bZ0e62NPl1jzTuRqA=="
      },
      "Trax.Core": {
        "type": "Transitive",
        "resolved": "1.6.0",
        "contentHash": "B0jTB0jsxtaT7dDnYrbhWHd083RMMKzlCh6AX34wYcMQCKuL+N9nObPLrzZaF3YekAVVFn2+zyIocdN28mIqCA==",
        "dependencies": {
          "LanguageExt.Core": "4.4.9"
        }
      },
      "Yarp.ReverseProxy": {
        "type": "Transitive",
        "resolved": "2.3.0",
        "contentHash": "gxtkN3a+9biu9V9Zd5NaTO6VZWXAnS2mhQ0R/VXmSPoTuiQNZsakKikrKpDtKxrL5nUYzbRsHtl40WNq+ZBKKg==",
        "dependencies": {
          "System.IO.Hashing": "8.0.0"
        }
      },
      "trax.samples.persistedoperations": {
        "type": "Project",
        "dependencies": {
          "Microsoft.EntityFrameworkCore": "[10.0.12, )",
          "Npgsql.EntityFrameworkCore.PostgreSQL": "[10.0.3, )",
          "Trax.Effect": "[1.54.0, )",
          "Trax.Effect.Data": "[1.54.0, )",
          "Trax.Effect.Data.Postgres": "[1.54.0, )",
          "Trax.Mediator": "[1.22.0, )"
        }
      },
      "HotChocolate.AspNetCore": {
        "type": "CentralTransitive",
        "requested": "[16.6.2, )",
        "resolved": "16.6.2",
        "contentHash": "ZY3YEXMJbgDqRVm6nLgf0RstxfEsgADfIPlARZYGCaGi3njn6wtYKpuqEpXbuMlN/B4n09dPuNEet6hrXuI9Zw==",
        "dependencies": {
          "ChilliCream.Nitro.App": "32.0.2",
          "HotChocolate": "16.6.2",
          "HotChocolate.AspNetCore.Pipeline": "16.6.2",
          "HotChocolate.Subscriptions.InMemory": "16.6.2",
          "HotChocolate.Transport.Formatters": "16.6.2",
          "HotChocolate.Transport.Sockets": "16.6.2",
          "HotChocolate.Types.Scalars.Upload": "16.6.2",
          "HotChocolate.Utilities.DependencyInjection": "16.6.2"
        }
      },
      "Microsoft.EntityFrameworkCore": {
        "type": "CentralTransitive",
        "requested": "[10.0.12, )",
        "resolved": "10.0.12",
        "contentHash": "e7OrVN8U5yr4kuwdTHWBHGVQIVsGfMkAr0Ej1/BnrS989Q0XBVANpIzNZ2bc1GvMZ0/XwMt5InTnmKskxGy99Q==",
        "dependencies": {
          "Microsoft.EntityFrameworkCore.Abstractions": "10.0.12",
          "Microsoft.EntityFrameworkCore.Analyzers": "10.0.12"
        }
      },
      "Npgsql.EntityFrameworkCore.PostgreSQL": {
        "type": "CentralTransitive",
        "requested": "[10.0.3, )",
        "resolved": "10.0.3",
        "contentHash": "IPGrrZnRkuW7OlHDhUESZz4G5DLkW7Nej/O3Cx+0iTsgyU5XJxBgpsvTHLloo3WWuAKKbDHXBvWPVkX1deRh1Q==",
        "dependencies": {
          "Microsoft.EntityFrameworkCore": "[10.0.4, 11.0.0)",
          "Microsoft.EntityFrameworkCore.Relational": "[10.0.4, 11.0.0)",
          "Npgsql": "10.0.3"
        }
      },
      "Trax.Api.Auth": {
        "type": "CentralTransitive",
        "requested": "[1.43.0, )",
        "resolved": "1.43.0",
        "contentHash": "tvd+tY7XF475j30AjEYb+LDAZHJfcW7PEGqfmP2DvS/5BQXchO3g5P9Xun1p8BXyuuLSSq9mH2oGjtyHGJi1SA==",
        "dependencies": {
          "Microsoft.EntityFrameworkCore": "10.0.9",
          "Trax.Effect": "1.54.0",
          "Trax.Effect.Data": "1.54.0",
          "Trax.Mediator": "1.22.0"
        }
      },
      "Trax.Api.Auth.Jwt": {
        "type": "CentralTransitive",
        "requested": "[1.43.0, )",
        "resolved": "1.43.0",
        "contentHash": "KDQGi+FePsb6TjC8oJTzqFsjeySr4K2e9Euycke8Xel5uvPkk1CxF/jGf2mZA5qOvllDcsRcthiExQ0HwDG3wg==",
        "dependencies": {
          "Microsoft.AspNetCore.Authentication.JwtBearer": "10.0.9",
          "Microsoft.EntityFrameworkCore": "10.0.9",
          "Trax.Api.Auth": "1.43.0",
          "Trax.Effect": "1.54.0",
          "Trax.Effect.Data": "1.54.0",
          "Trax.Mediator": "1.22.0"
        }
      },
      "Trax.Effect": {
        "type": "CentralTransitive",
        "requested": "[1.54.0, )",
        "resolved": "1.54.0",
        "contentHash": "cUDGoUzB+SP1M1uiAmN2CEgCo2rmKN90r91UZGwzSPxoTbIdYKJtHil6ZO2gNoSEA/EpnMuMo/pn/E7yOB16Mw==",
        "dependencies": {
          "Trax.Core": "1.6.0"
        }
      },
      "Trax.Effect.Data": {
        "type": "CentralTransitive",
        "requested": "[1.54.0, )",
        "resolved": "1.54.0",
        "contentHash": "jViqCeSP6FzluERkybNpdUzgQW2rdD1g66kcwhh/cofB631G9bnHlTHrdw4nF9pDlf8S51NYlOzyM6c93H/H5Q==",
        "dependencies": {
          "Microsoft.EntityFrameworkCore": "10.0.3",
          "Microsoft.EntityFrameworkCore.Relational": "10.0.3",
          "Npgsql": "10.0.3",
          "Trax.Core": "1.6.0",
          "Trax.Effect": "1.54.0"
        }
      },
      "Trax.Effect.Data.Postgres": {
        "type": "CentralTransitive",
        "requested": "[1.54.0, )",
        "resolved": "1.54.0",
        "contentHash": "BVwdL4Xjyic1vwFuz0Z5vGxo6Yk4WBi6ev3pXDGOeNZT93ZkUiywJVOmsdtMLvzIeYPr8H05nkYyhWXV2Ckzww==",
        "dependencies": {
          "EFCore.NamingConventions": "10.0.1",
          "Microsoft.EntityFrameworkCore": "10.0.3",
          "Microsoft.EntityFrameworkCore.Relational": "10.0.3",
          "Npgsql": "10.0.3",
          "Npgsql.EntityFrameworkCore.PostgreSQL": "10.0.0",
          "Trax.Core": "1.6.0",
          "Trax.Effect.Data": "1.54.0",
          "dbup-core": "6.1.1",
          "dbup-postgresql": "7.0.1"
        }
      },
      "Trax.Mediator": {
        "type": "CentralTransitive",
        "requested": "[1.22.0, )",
        "resolved": "1.22.0",
        "contentHash": "JWi7nDX7iG5IP3bcCgRRtOBGFIhABajO4pfMGd9Vp64ndeyUkMn24znEyX350SwmH+lclpRFE0EGSKTWu+QE9g==",
        "dependencies": {
          "Trax.Effect": "1.49.0",
          "Trax.Effect.Data": "1.49.0"
        }
      }
    }
  }
}