{
  "version": 2,
  "dependencies": {
    "net10.0": {
      "DotNet.ReproducibleBuilds": {
        "type": "Direct",
        "requested": "[2.0.5, )",
        "resolved": "2.0.5",
        "contentHash": "8LrlvI1KpjjJ4VGSqZ16yoOCKlQnYS+Y8rYNifNrscmVh5anJcF9E4e0NiDP30BHBMUbkoJ5KdcxoRWM7Pz9Aw=="
      },
      "Trax.Api": {
        "type": "Direct",
        "requested": "[1.40.0, )",
        "resolved": "1.40.0",
        "contentHash": "FP/d2IV6fKJxsqe8//TlURL+C9+PUZa12Po0k/1zoO58uQMvPWO0+/Pip+6B1ocnrs5i4ngWeR+ELGXE1Hu1JA==",
        "dependencies": {
          "Microsoft.EntityFrameworkCore": "10.0.9",
          "Trax.Effect": "1.43.0",
          "Trax.Effect.Data": "1.43.0",
          "Trax.Mediator": "1.20.0",
          "Trax.Scheduler": "1.31.0"
        }
      },
      "Trax.Api.Auth.ApiKey": {
        "type": "Direct",
        "requested": "[1.40.0, )",
        "resolved": "1.40.0",
        "contentHash": "21+rrBglEp2JkfhIcWsIdYZBvyM6p352EhKaEi2PYkX3rcHE2XiG9IqtGWnk2KNRLTsizWu+bAVlAIvSGdl+Vg==",
        "dependencies": {
          "Microsoft.EntityFrameworkCore": "10.0.9",
          "Trax.Api.Auth": "1.40.0",
          "Trax.Effect": "1.43.0",
          "Trax.Effect.Data": "1.43.0",
          "Trax.Mediator": "1.20.0"
        }
      },
      "Trax.Api.GraphQL": {
        "type": "Direct",
        "requested": "[1.40.0, )",
        "resolved": "1.40.0",
        "contentHash": "XSGpbs7QyycLFkLE5t+vwcaNpOD+yywGfHKvsbzx91XG5FtOuy1xtwtWcckD23e7izdtSMIR0pp8uhIvW6i2hw==",
        "dependencies": {
          "HotChocolate": "15.1.17",
          "HotChocolate.AspNetCore": "15.1.17",
          "HotChocolate.AspNetCore.Authorization": "15.1.17",
          "HotChocolate.CostAnalysis": "15.1.17",
          "HotChocolate.Data": "15.1.17",
          "HotChocolate.Data.EntityFramework": "15.1.17",
          "HotChocolate.Execution": "15.1.17",
          "Microsoft.AspNetCore.Authentication.JwtBearer": "10.0.9",
          "Microsoft.EntityFrameworkCore": "10.0.9",
          "Trax.Api": "1.40.0",
          "Trax.Api.Auth": "1.40.0",
          "Trax.Api.Auth.Jwt": "1.40.0",
          "Trax.Effect": "1.43.0",
          "Trax.Effect.Data": "1.43.0",
          "Trax.Mediator": "1.20.0",
          "Trax.Scheduler": "1.31.0"
        }
      },
      "Trax.Effect.Provider.Json": {
        "type": "Direct",
        "requested": "[1.47.0, )",
        "resolved": "1.47.0",
        "contentHash": "ehW9cgGkKV7hCtdo4fEqVTRc1T2epw83d6ys+q8Xd9K2ihhZ35rRJRHRHDIxZWkLRe5ivlurvM4X1GiXiDkf0g==",
        "dependencies": {
          "Trax.Core": "1.6.0",
          "Trax.Effect": "1.47.0"
        }
      },
      "Trax.Effect.Provider.Parameter": {
        "type": "Direct",
        "requested": "[1.47.0, )",
        "resolved": "1.47.0",
        "contentHash": "2uVJcb9IZoOIisb5hSpFpsrD6V407xM82LZ2tNH6uIbxsl79QEUhN4e+GhrXJHl9O6EuH5SgMioEMM5D79hS2w==",
        "dependencies": {
          "Trax.Core": "1.6.0",
          "Trax.Effect": "1.47.0"
        }
      },
      "ChilliCream.Nitro.App": {
        "type": "Transitive",
        "resolved": "28.0.7",
        "contentHash": "G6CZod8ForeoVMXigRyAxTTqiiUYcppE85UY/zy4XLMunpF1Ginn5njWK+F+93bw3x5SssPR/fexEpOtQqkVLw==",
        "dependencies": {
          "Yarp.ReverseProxy": "2.3.0"
        }
      },
      "Cronos": {
        "type": "Transitive",
        "resolved": "0.13.0",
        "contentHash": "Nkve+Yi0+ol3ntSBRHeW0ka9cJQ8vndSUvvkXqF9LVqwpoqWueyxu/HS275r98RDOmF7/mzRnZW5XXUBXob+TA=="
      },
      "dbup-core": {
        "type": "Transitive",
        "resolved": "6.1.1",
        "contentHash": "kgpuyJVEFJHoIj/slnc994Go88aoeZqNDfGHDBr4sh7CsEWwJhOTCt/FJqO4ziUImL5L0NEY0kxxOiNgPKI2Fw=="
      },
      "dbup-sqlite": {
        "type": "Transitive",
        "resolved": "6.0.4",
        "contentHash": "eEUr/hCvQHzvPjCSqV6Ic5cZTFiKXLse2k9e5ji8KDgIBD12BCvDdq2E6+C8GbYCZ8GEqlF7uRxVcyvYfrebQg==",
        "dependencies": {
          "Microsoft.Data.Sqlite.Core": "9.0.10",
          "dbup-core": "6.0.15"
        }
      },
      "GreenDonut": {
        "type": "Transitive",
        "resolved": "15.1.18",
        "contentHash": "pMGIde7wHlB1mQuIpVMD0p61nHrn3/A5FdMs/TeHgcdYcNP0Q9MXEosDsPlr4hCDYcgmrtpqPb54jFQhUwUpgw==",
        "dependencies": {
          "GreenDonut.Abstractions": "15.1.18"
        }
      },
      "GreenDonut.Abstractions": {
        "type": "Transitive",
        "resolved": "15.1.18",
        "contentHash": "4SfFjjNyul8QE8JnzNIqUKR1cP3i7Ka9+Rugml13RR5B4EeYwkItZ4WKLz7xgGRUABc24sfUwjESC5JrvvuZVw=="
      },
      "GreenDonut.Data": {
        "type": "Transitive",
        "resolved": "15.1.18",
        "contentHash": "UgmBO6oa7KYao9WkIp6OtBjFQ9PbNcoQEcXZczyRAc1258alaw6L1SWVfJrnzYlR9Ur2tCOaJqhZwN/vNC+3rw==",
        "dependencies": {
          "GreenDonut": "15.1.18",
          "GreenDonut.Data.Abstractions": "15.1.18"
        }
      },
      "GreenDonut.Data.Abstractions": {
        "type": "Transitive",
        "resolved": "15.1.18",
        "contentHash": "nSZWoNuD4+YYIxjw3fn9uBU4E13mfRROxytZNt7q8jQK5ZF105inCcI2ytuOwFLqMT0jQG8HFd51uttEmcmCVg==",
        "dependencies": {
          "GreenDonut.Abstractions": "15.1.18",
          "GreenDonut.Data.Primitives": "15.1.18"
        }
      },
      "GreenDonut.Data.EntityFramework": {
        "type": "Transitive",
        "resolved": "15.1.17",
        "contentHash": "cp/ZFULY8e7n/stN9MxLOSNnSfAoZjVMkwheSPE3gcCxZe29iRYaCSEvr1LR9PfhiMRc1lWjKa9kC4UNh5PhuA==",
        "dependencies": {
          "GreenDonut.Data": "15.1.17",
          "Microsoft.EntityFrameworkCore": "9.0.2"
        }
      },
      "GreenDonut.Data.Primitives": {
        "type": "Transitive",
        "resolved": "15.1.18",
        "contentHash": "QAgvhqFPDqqi2/Xepi8Jsubuu1xEhn2hIvYJHSyFddIvJU/uBKdGPfIhDY+ne5jb1Dr48XBNEfnKgE86Qg467g=="
      },
      "HotChocolate": {
        "type": "Transitive",
        "resolved": "15.1.18",
        "contentHash": "wUv8JL1Ei42P8oLhHtshHekhcE1uFzXPAk94MM8zlNjBocqfVroxodx86dDPSl1N7++DVQHPnNAlix5pshcPEg==",
        "dependencies": {
          "HotChocolate.Authorization": "15.1.18",
          "HotChocolate.CostAnalysis": "15.1.18",
          "HotChocolate.Execution": "15.1.18",
          "HotChocolate.Execution.Projections": "15.1.18",
          "HotChocolate.Fetching": "15.1.18",
          "HotChocolate.Types": "15.1.18",
          "HotChocolate.Types.CursorPagination": "15.1.18",
          "HotChocolate.Types.CursorPagination.Extensions": "15.1.18",
          "HotChocolate.Types.Mutations": "15.1.18",
          "HotChocolate.Types.Queries": "15.1.18",
          "HotChocolate.Validation": "15.1.18"
        }
      },
      "HotChocolate.Abstractions": {
        "type": "Transitive",
        "resolved": "15.1.18",
        "contentHash": "FocF2sKhf3UB86fsjBN4ah6Z0bKxV9aLt0r9s+YAr+o400q1xcTbeG17cgUps7a8MwpfZHSAUDOKKLPQbtIPmg==",
        "dependencies": {
          "HotChocolate.Primitives": "15.1.18"
        }
      },
      "HotChocolate.AspNetCore.Authorization": {
        "type": "Transitive",
        "resolved": "15.1.17",
        "contentHash": "uoOOAorWoqdh8zYm78I7fyWgwyZ/8dEbkFr8LiBGYmWK0ZTVlIdBwiYW1AnE2AudUWxrA6Er1HkwuZhu1bWTIg==",
        "dependencies": {
          "HotChocolate": "15.1.17"
        }
      },
      "HotChocolate.Authorization": {
        "type": "Transitive",
        "resolved": "15.1.18",
        "contentHash": "3iVsQud+VN1HJhlnPM5KaHFZ+75u0eSX5a2G48uUPuA1Up1D7SbUgOLP8qKiNn5R4/VKahj8BuqxxYi3OjWCJQ==",
        "dependencies": {
          "HotChocolate.Execution": "15.1.18"
        }
      },
      "HotChocolate.CostAnalysis": {
        "type": "Transitive",
        "resolved": "15.1.18",
        "contentHash": "Pn9Slv8RKMSsHxPIyIa4q3M6CSHR99+DfELIcVXG/OvphgeTeGdVMcth0aURMKudPErZ3XYRippjuVOam6i0sQ==",
        "dependencies": {
          "HotChocolate.Execution": "15.1.18",
          "HotChocolate.Types": "15.1.18"
        }
      },
      "HotChocolate.Data": {
        "type": "Transitive",
        "resolved": "15.1.17",
        "contentHash": "6ex2BRFeT7eMI24SGM90Q5Qaf7aNBlJfZvg5XAmWITASYjWYT6RPkQ098eBiEnw5/Pmos9VXrhzYq3u1B4QQAg==",
        "dependencies": {
          "GreenDonut.Data": "15.1.17",
          "GreenDonut.Data.Abstractions": "15.1.17",
          "GreenDonut.Data.Primitives": "15.1.17",
          "HotChocolate.Execution": "15.1.17",
          "HotChocolate.Execution.Projections": "15.1.17",
          "HotChocolate.Types.CursorPagination": "15.1.17"
        }
      },
      "HotChocolate.Data.EntityFramework": {
        "type": "Transitive",
        "resolved": "15.1.17",
        "contentHash": "qsN6dH4PEre7jCdh9oLzXFza9U6y/I1cQS+o2+6U4Ted6a7q953sL5NI/iNbYJ02pHcbOzu3vdtm6lH0LhnR2w==",
        "dependencies": {
          "GreenDonut.Data": "15.1.17",
          "GreenDonut.Data.Abstractions": "15.1.17",
          "GreenDonut.Data.EntityFramework": "15.1.17",
          "HotChocolate": "15.1.17",
          "HotChocolate.Data": "15.1.17",
          "Microsoft.EntityFrameworkCore": "9.0.2"
        }
      },
      "HotChocolate.Execution": {
        "type": "Transitive",
        "resolved": "15.1.18",
        "contentHash": "L6t9gQZF2Z8qNmo5PSfqU/188KGTikKYmvmFCEkWc+7oTMm+LqFrt+4G7dEAeyFLCVatIFlDg/6/ftwdlXI8Ww==",
        "dependencies": {
          "HotChocolate.Abstractions": "15.1.18",
          "HotChocolate.Execution.Abstractions": "15.1.18",
          "HotChocolate.Fetching": "15.1.18",
          "HotChocolate.Types": "15.1.18",
          "HotChocolate.Utilities.DependencyInjection": "15.1.18",
          "HotChocolate.Validation": "15.1.18"
        }
      },
      "HotChocolate.Execution.Abstractions": {
        "type": "Transitive",
        "resolved": "15.1.18",
        "contentHash": "ftrkqo0cjALIvxtIsSZul0mWeqAbdmH0L2MmnBVhmunI8XWZEUh8F9FHxwfvhSfv6kZspNg8k13oUg6M+Sd4zA==",
        "dependencies": {
          "HotChocolate.Abstractions": "15.1.18"
        }
      },
      "HotChocolate.Execution.Projections": {
        "type": "Transitive",
        "resolved": "15.1.18",
        "contentHash": "Wxc5GugHMIHKH0Zg2HBsdA/YDEeCY+b8i3h7uCCllUmFjqBkHaOwixWrchat0OspQCvY32UM9mFSixEJWILg6g==",
        "dependencies": {
          "GreenDonut.Data": "15.1.18",
          "GreenDonut.Data.Abstractions": "15.1.18",
          "GreenDonut.Data.Primitives": "15.1.18",
          "HotChocolate.Execution": "15.1.18"
        }
      },
      "HotChocolate.Features": {
        "type": "Transitive",
        "resolved": "15.1.18",
        "contentHash": "6PmKTxQfHnrJ9oPjcQWUJUhwDRWaR7uwANmFAGjIl8d88KDa+rSkYvbciOncOKcun+SXP2WSRP2vlLO8dMIqVQ=="
      },
      "HotChocolate.Fetching": {
        "type": "Transitive",
        "resolved": "15.1.18",
        "contentHash": "xUVstN+HrVI/W0Mys+3pHPdfOW1hZUKJ7lQqZPWYoENzYvgvH+j2mabCjv7AwZnbEBYIp+CJS7MmhmWFAJWSog==",
        "dependencies": {
          "GreenDonut": "15.1.18",
          "HotChocolate.Types": "15.1.18"
        }
      },
      "HotChocolate.Language": {
        "type": "Transitive",
        "resolved": "15.1.18",
        "contentHash": "20LISKAfU7F7GDjjCogdufQqgiN06SViVRthtGhZHN5lbj8t2dvAWxoI+K5OOlSYg0YlaIJhfpRLaNl8kw+t0Q==",
        "dependencies": {
          "HotChocolate.Language.SyntaxTree": "15.1.18",
          "HotChocolate.Language.Utf8": "15.1.18",
          "HotChocolate.Language.Visitors": "15.1.18",
          "HotChocolate.Language.Web": "15.1.18"
        }
      },
      "HotChocolate.Language.SyntaxTree": {
        "type": "Transitive",
        "resolved": "15.1.18",
        "contentHash": "ndQ3EXtI81ejnanVgrGZn8u29u9jteXiLSpTaQEVxbcuIMrgGMtXlNAX4Ea++CpFijpIbWPlCKihp//IWPfXbg=="
      },
      "HotChocolate.Language.Utf8": {
        "type": "Transitive",
        "resolved": "15.1.18",
        "contentHash": "1sBTHEMWsPOgl1urfB+Lsz/iLJQddi8tBgIiH1kpxP8bnhGwBzZKrv9/9P1BjykTS1pKhnCyg9PpwwQ3e8oVEw==",
        "dependencies": {
          "HotChocolate.Language.SyntaxTree": "15.1.18"
        }
      },
      "HotChocolate.Language.Visitors": {
        "type": "Transitive",
        "resolved": "15.1.18",
        "contentHash": "aF8IeTcyr2gDuK3mMdVtkwR9C7/KTiIGq5irCXpJYBfYJFBKucY+CPgPc81LQcfQOrKt6nxNf2Xq5wKF6sBZPw==",
        "dependencies": {
          "HotChocolate.Language.SyntaxTree": "15.1.18"
        }
      },
      "HotChocolate.Language.Web": {
        "type": "Transitive",
        "resolved": "15.1.18",
        "contentHash": "81sT8z/qT5rXXpTPu3+3cOEC0+EF0+aCZZ+kD1pyrzRVKb+kJrzhqv8ec3FVHdqu0XzZedr/9egpsr/PY/2B3A==",
        "dependencies": {
          "HotChocolate.Language.Utf8": "15.1.18"
        }
      },
      "HotChocolate.Primitives": {
        "type": "Transitive",
        "resolved": "15.1.18",
        "contentHash": "YDs58FIcnIJNSvk4mVyEJhh3JkXD/PbW5umXATaTxsubyiHWMhe7GrbHqZnBvrTtllPyZk1CgdSCXDYPJfsUKQ==",
        "dependencies": {
          "HotChocolate.Language": "15.1.18"
        }
      },
      "HotChocolate.Subscriptions": {
        "type": "Transitive",
        "resolved": "15.1.18",
        "contentHash": "65BR72B76PO3LU27sLERmySW6Cz49NGxKWNK2AtYPej+o3rmbbQAtNg3mDJT4I9H+/oK6QNw+Ai++r+iljIxkg==",
        "dependencies": {
          "HotChocolate.Abstractions": "15.1.18",
          "HotChocolate.Execution.Abstractions": "15.1.18",
          "HotChocolate.Utilities": "15.1.18"
        }
      },
      "HotChocolate.Subscriptions.InMemory": {
        "type": "Transitive",
        "resolved": "15.1.18",
        "contentHash": "2dWtyNt4w3SQC684C83KeJER9o8kR+kn9059hP4Z7C7micOcXdNpTq8EkzEIFqOiFhezLsSKcIrrCs0Dls/Zzw==",
        "dependencies": {
          "HotChocolate.Execution.Abstractions": "15.1.18",
          "HotChocolate.Subscriptions": "15.1.18"
        }
      },
      "HotChocolate.Transport.Sockets": {
        "type": "Transitive",
        "resolved": "15.1.18",
        "contentHash": "Xw/MDq5Nn+tlu3dVSSdGiKWM639e8PuASAXCBGgVkBG8Jl353O+fYhRyJpvIJhtW/CLDC764an6JWGu53L9FhA=="
      },
      "HotChocolate.Types": {
        "type": "Transitive",
        "resolved": "15.1.18",
        "contentHash": "+dQaTfMMcjprJsZfCtckwJ04QvVVPAu/KZ7END1wYOkLcBeKsZZNTkY+XbbZZ9Rz6ObIoF4NIhDNIEi52t04Ug==",
        "dependencies": {
          "GreenDonut": "15.1.18",
          "HotChocolate.Abstractions": "15.1.18",
          "HotChocolate.Features": "15.1.18",
          "HotChocolate.Types.Shared": "15.1.18",
          "HotChocolate.Utilities": "15.1.18"
        }
      },
      "HotChocolate.Types.CursorPagination": {
        "type": "Transitive",
        "resolved": "15.1.18",
        "contentHash": "LgyFFTWj+NyArS7aARODUdH8K6DxIohe5Ehfr3aTWg2UWH/+Wp9DzqFseCJl4Z5BoQ0oHfFWqj7JoHC11PZu3g==",
        "dependencies": {
          "HotChocolate.Execution.Abstractions": "15.1.18",
          "HotChocolate.Types": "15.1.18"
        }
      },
      "HotChocolate.Types.CursorPagination.Extensions": {
        "type": "Transitive",
        "resolved": "15.1.18",
        "contentHash": "XtjehiuYROetLJwmAPrWo+hXybv/KdOablqzAgqHvig+X5HBDjN93sTVpLvv9hE2B3QMW+eyunsE0cr8v6IIBA==",
        "dependencies": {
          "GreenDonut.Data": "15.1.18",
          "HotChocolate.Types.CursorPagination": "15.1.18"
        }
      },
      "HotChocolate.Types.Errors": {
        "type": "Transitive",
        "resolved": "15.1.18",
        "contentHash": "vKZdxwIQuJqqnRUwa/GLJiuhBH6Q96CfkzryokrPidlEa1kKe0P/z5iZckTSGdRHjgqXvO8sofYZ2bfUdRZc9g==",
        "dependencies": {
          "HotChocolate.Execution": "15.1.18"
        }
      },
      "HotChocolate.Types.Mutations": {
        "type": "Transitive",
        "resolved": "15.1.18",
        "contentHash": "zU8FBN2q73PUgUQmPoG6boIforCISXmNs9rxmS3ZA0Exk880xxEZG9O/rn4LBKEVmAPnfIVwC9Q/pHvuKTrLrg==",
        "dependencies": {
          "HotChocolate.Execution": "15.1.18",
          "HotChocolate.Types.Errors": "15.1.18"
        }
      },
      "HotChocolate.Types.Queries": {
        "type": "Transitive",
        "resolved": "15.1.18",
        "contentHash": "m0+RtgpaOvYlRVKLAAZixPP3Qj96nKCd9MtAAG8bxUMERdkSC1edaenFQmqpBe7YPG97KxL8mNxuIQ3FcMt7sw==",
        "dependencies": {
          "HotChocolate.Execution": "15.1.18",
          "HotChocolate.Types.Errors": "15.1.18"
        }
      },
      "HotChocolate.Types.Scalars.Upload": {
        "type": "Transitive",
        "resolved": "15.1.18",
        "contentHash": "jRtTmi5/0VgmTkTZXC2DmpWGHzZ9c8ykIRsXlT95wJxDuHQzWYgMLiMv8NnsIzjS4dOtcF4SaKJWBGA6xVdzNg==",
        "dependencies": {
          "HotChocolate.Types": "15.1.18"
        }
      },
      "HotChocolate.Types.Shared": {
        "type": "Transitive",
        "resolved": "15.1.18",
        "contentHash": "Jk2JVs2hWAK5II0E60Sw8WU7QqOP4qWnn5eZBAYQvyX/gYmqpHnGUfFTF23yI97tXtx+UQqrZB+mdAVUiU9yeQ==",
        "dependencies": {
          "HotChocolate.Language.SyntaxTree": "15.1.18"
        }
      },
      "HotChocolate.Utilities": {
        "type": "Transitive",
        "resolved": "15.1.18",
        "contentHash": "AetpVD2i+Jj5Xwebe7jqSip9LbK8/vVxizdbs4fV28nqKkkJTdA3j7mbvVdyqpRuqTPvaWwwbm9Rikgu+9XHPw=="
      },
      "HotChocolate.Utilities.DependencyInjection": {
        "type": "Transitive",
        "resolved": "15.1.18",
        "contentHash": "iAI9YsUHWBSHP+Wx+985wXC/+1x1Qyk3lPmikNcSyxPXTeGA5qEGoPKZ7mGS2782/SjkFJzLR/f9qkAECRY1VA=="
      },
      "HotChocolate.Validation": {
        "type": "Transitive",
        "resolved": "15.1.18",
        "contentHash": "ZkEvTPNIIYxjmqVnuC3u4d8/5v5plRRlDZLLTo0aERKem3FQsNSiVFI5rtSrBekKkIYvJNoBZoEZE7pGIQsGJQ==",
        "dependencies": {
          "HotChocolate.Types": "15.1.18"
        }
      },
      "LanguageExt.Core": {
        "type": "Transitive",
        "resolved": "4.4.9",
        "contentHash": "K9VGWkThJkaomifa3zcmwysw1BaSqIZZPZc6trBnJN8u9mpmA/cMMwCWEa/v7bPv/+NnG6PbyIDB7HtxBX7yCQ==",
        "dependencies": {
          "Microsoft.Bcl.AsyncInterfaces": "7.0.0"
        }
      },
      "Microsoft.AspNetCore.Authentication.JwtBearer": {
        "type": "Transitive",
        "resolved": "10.0.9",
        "contentHash": "Hs5NDsGm8YicDDNx5RoBIT+H2AB9R27MvZ2gHoupTiHr+nnH3VxzY7DcmlbJ3b5DvvOhK35lWt/9Odtrq9sjtA==",
        "dependencies": {
          "Microsoft.IdentityModel.Protocols.OpenIdConnect": "8.0.1"
        }
      },
      "Microsoft.Bcl.AsyncInterfaces": {
        "type": "Transitive",
        "resolved": "7.0.0",
        "contentHash": "3aeMZ1N0lJoSyzqiP03hqemtb1BijhsJADdobn/4nsMJ8V1H+CrpuduUe4hlRdx+ikBQju1VGjMD1GJ3Sk05Eg=="
      },
      "Microsoft.Data.Sqlite.Core": {
        "type": "Transitive",
        "resolved": "10.0.12",
        "contentHash": "2aL9eL5HQr0V4b8V909SD+jQAx6qnTTl7sT/v3D8dIvmr2UGdpZIQxqm1pj2Js3e4EYTvpw0oMH7DjapJJuPPw==",
        "dependencies": {
          "SQLitePCLRaw.core": "2.1.12"
        }
      },
      "Microsoft.EntityFrameworkCore.Abstractions": {
        "type": "Transitive",
        "resolved": "10.0.12",
        "contentHash": "kDrux7T6C3V/YYYe2LXr7x6AEsVyq5Y2YoTE9er1SwbDtap3z1g8RgxNh5eKQVyB4T+DKvBBJ4Ezd/VZzJQJZg=="
      },
      "Microsoft.EntityFrameworkCore.Analyzers": {
        "type": "Transitive",
        "resolved": "10.0.12",
        "contentHash": "Kd4o2oO1A6dfKxjz5LS16QyLtpCFTUiFWwmBABETAXRsSImBdRdWeKjSgbbRhAMiV3a3/nWr95ZtzClT4uaADQ=="
      },
      "Microsoft.EntityFrameworkCore.Relational": {
        "type": "Transitive",
        "resolved": "10.0.12",
        "contentHash": "OiHmr8XzX96dbgMsYGe8qoqg4KxibdZG2r0QUVJBGktFInOp8IrABe8jvcbo5hrqeWfbwpK7fCEBiEPbY/ik4A==",
        "dependencies": {
          "Microsoft.EntityFrameworkCore": "10.0.12"
        }
      },
      "Microsoft.EntityFrameworkCore.Sqlite.Core": {
        "type": "Transitive",
        "resolved": "10.0.12",
        "contentHash": "DAGu68RfIDD5d6qYhtQqMUsRS7hKKFqHI6h/9VUa4FjMcQ8+IJA0rK+1pDZtrDJ+yi3YAG0L2TSViZ0csEDM0w==",
        "dependencies": {
          "Microsoft.Data.Sqlite.Core": "10.0.12",
          "Microsoft.EntityFrameworkCore.Relational": "10.0.12",
          "Microsoft.Extensions.DependencyModel": "10.0.12",
          "SQLitePCLRaw.core": "2.1.12"
        }
      },
      "Microsoft.Extensions.DependencyModel": {
        "type": "Transitive",
        "resolved": "10.0.12",
        "contentHash": "rDPQVTxh/zMTDF7wHlRqL/jjZbwjAP6315ydBxj51pZW7qkAwGwjoSiMutxYI91xmOE3ZXjAGHbYRqzyJV7Urw=="
      },
      "Microsoft.IdentityModel.Abstractions": {
        "type": "Transitive",
        "resolved": "8.0.1",
        "contentHash": "OtlIWcyX01olfdevPKZdIPfBEvbcioDyBiE/Z2lHsopsMD7twcKtlN9kMevHmI5IIPhFpfwCIiR6qHQz1WHUIw=="
      },
      "Microsoft.IdentityModel.JsonWebTokens": {
        "type": "Transitive",
        "resolved": "8.0.1",
        "contentHash": "s6++gF9x0rQApQzOBbSyp4jUaAlwm+DroKfL8gdOHxs83k8SJfUXhuc46rDB3rNXBQ1MVRxqKUrqFhO/M0E97g==",
        "dependencies": {
          "Microsoft.IdentityModel.Tokens": "8.0.1"
        }
      },
      "Microsoft.IdentityModel.Logging": {
        "type": "Transitive",
        "resolved": "8.0.1",
        "contentHash": "UCPF2exZqBXe7v/6sGNiM6zCQOUXXQ9+v5VTb9gPB8ZSUPnX53BxlN78v2jsbIvK9Dq4GovQxo23x8JgWvm/Qg==",
        "dependencies": {
          "Microsoft.IdentityModel.Abstractions": "8.0.1"
        }
      },
      "Microsoft.IdentityModel.Protocols": {
        "type": "Transitive",
        "resolved": "8.0.1",
        "contentHash": "uA2vpKqU3I2mBBEaeJAWPTjT9v1TZrGWKdgK6G5qJd03CLx83kdiqO9cmiK8/n1erkHzFBwU/RphP83aAe3i3g==",
        "dependencies": {
          "Microsoft.IdentityModel.Tokens": "8.0.1"
        }
      },
      "Microsoft.IdentityModel.Protocols.OpenIdConnect": {
        "type": "Transitive",
        "resolved": "8.0.1",
        "contentHash": "AQDbfpL+yzuuGhO/mQhKNsp44pm5Jv8/BI4KiFXR7beVGZoSH35zMV3PrmcfvSTsyI6qrcR898NzUauD6SRigg==",
        "dependencies": {
          "Microsoft.IdentityModel.Protocols": "8.0.1",
          "System.IdentityModel.Tokens.Jwt": "8.0.1"
        }
      },
      "Microsoft.IdentityModel.Tokens": {
        "type": "Transitive",
        "resolved": "8.0.1",
        "contentHash": "kDimB6Dkd3nkW2oZPDkMkVHfQt3IDqO5gL0oa8WVy3OP4uE8Ij+8TXnqg9TOd9ufjsY3IDiGz7pCUbnfL18tjg==",
        "dependencies": {
          "Microsoft.IdentityModel.Logging": "8.0.1"
        }
      },
      "Npgsql": {
        "type": "Transitive",
        "resolved": "10.0.3",
        "contentHash": "7nb5YzXuvWWJxB0J8DiyL3we+X4FOctZrt0fIBnucOIaIevFEEwGQVZKtiu9olXdlNAK1eNgqSral6r/jlhI4w=="
      },
      "SQLite": {
        "type": "Transitive",
        "resolved": "3.53.4",
        "contentHash": "KN7jeWqgUPeBRe1FlcpZURzxomuKKEKHmBBQfg+Nx7NkY1LjKhzHvH+3ASkNvhayESE34nMBinL9CV21JfPRJw=="
      },
      "SQLitePCLRaw.config.e_sqlite3": {
        "type": "Transitive",
        "resolved": "3.0.5",
        "contentHash": "aSk8WE5tF2MybESMgtZAEyMVCAWA0nBqOMc48HFoa9UoSdtm3goDXVzNRnefeKIwE6bV9NaNXptn1F9ReMQI0Q==",
        "dependencies": {
          "SQLitePCLRaw.provider.e_sqlite3": "3.0.5"
        }
      },
      "SQLitePCLRaw.core": {
        "type": "Transitive",
        "resolved": "3.0.5",
        "contentHash": "k81AYXXRCw3Zj8rOhyBoCsx/U97KYDFI2CSKr/ijl5BwpsW/hX/4kBiDmerFaoust8nxBwa0IHQFw8MmSHRtnQ=="
      },
      "SQLitePCLRaw.provider.e_sqlite3": {
        "type": "Transitive",
        "resolved": "3.0.5",
        "contentHash": "um8YSWduhhuskTG2bHfZrBqMNQOydfU8pcseT+cu5RivOGyoUbCrGXxgoRNTmRYw2VbMWnEZVVFcneZT/5dsBg==",
        "dependencies": {
          "SQLitePCLRaw.core": "3.0.5"
        }
      },
      "System.IdentityModel.Tokens.Jwt": {
        "type": "Transitive",
        "resolved": "8.0.1",
        "contentHash": "GJw3bYkWpOgvN3tJo5X4lYUeIFA2HD293FPUhKmp7qxS+g5ywAb34Dnd3cDAFLkcMohy5XTpoaZ4uAHuw0uSPQ==",
        "dependencies": {
          "Microsoft.IdentityModel.JsonWebTokens": "8.0.1",
          "Microsoft.IdentityModel.Tokens": "8.0.1"
        }
      },
      "System.IO.Hashing": {
        "type": "Transitive",
        "resolved": "8.0.0",
        "contentHash": "ne1843evDugl0md7Fjzy6QjJrzsjh46ZKbhf8GwBXb5f/gw97J4bxMs0NQKifDuThh/f0bZ0e62NPl1jzTuRqA=="
      },
      "Trax.Core": {
        "type": "Transitive",
        "resolved": "1.6.0",
        "contentHash": "B0jTB0jsxtaT7dDnYrbhWHd083RMMKzlCh6AX34wYcMQCKuL+N9nObPLrzZaF3YekAVVFn2+zyIocdN28mIqCA==",
        "dependencies": {
          "LanguageExt.Core": "4.4.9"
        }
      },
      "Yarp.ReverseProxy": {
        "type": "Transitive",
        "resolved": "2.3.0",
        "contentHash": "gxtkN3a+9biu9V9Zd5NaTO6VZWXAnS2mhQ0R/VXmSPoTuiQNZsakKikrKpDtKxrL5nUYzbRsHtl40WNq+ZBKKg==",
        "dependencies": {
          "System.IO.Hashing": "8.0.0"
        }
      },
      "trax.samples.chatservice": {
        "type": "Project",
        "dependencies": {
          "HotChocolate.AspNetCore": "[15.1.18, )",
          "SQLitePCLRaw.bundle_e_sqlite3": "[3.0.5, )",
          "Trax.Effect": "[1.47.0, )",
          "Trax.Effect.Data.Sqlite": "[1.47.0, )",
          "Trax.Mediator": "[1.20.0, )",
          "Trax.Samples.ChatService.Data": "[1.99.99, )"
        }
      },
      "trax.samples.chatservice.data": {
        "type": "Project",
        "dependencies": {
          "Microsoft.EntityFrameworkCore": "[10.0.12, )",
          "Microsoft.EntityFrameworkCore.Sqlite": "[10.0.12, )",
          "SQLitePCLRaw.bundle_e_sqlite3": "[3.0.5, )",
          "Trax.Effect.Data": "[1.47.0, )"
        }
      },
      "HotChocolate.AspNetCore": {
        "type": "CentralTransitive",
        "requested": "[15.1.18, )",
        "resolved": "15.1.18",
        "contentHash": "/QcDq4u2jPf/0V67WIIcWRAV6QFYAAY7pu6q4bghZxwPma1KDWRH8WFeCW9d4Q082P8CkQdhebFwRy9/56uReg==",
        "dependencies": {
          "ChilliCream.Nitro.App": "28.0.7",
          "HotChocolate": "15.1.18",
          "HotChocolate.Subscriptions.InMemory": "15.1.18",
          "HotChocolate.Transport.Sockets": "15.1.18",
          "HotChocolate.Types.Scalars.Upload": "15.1.18",
          "HotChocolate.Utilities.DependencyInjection": "15.1.18"
        }
      },
      "Microsoft.EntityFrameworkCore": {
        "type": "CentralTransitive",
        "requested": "[10.0.12, )",
        "resolved": "10.0.12",
        "contentHash": "e7OrVN8U5yr4kuwdTHWBHGVQIVsGfMkAr0Ej1/BnrS989Q0XBVANpIzNZ2bc1GvMZ0/XwMt5InTnmKskxGy99Q==",
        "dependencies": {
          "Microsoft.EntityFrameworkCore.Abstractions": "10.0.12",
          "Microsoft.EntityFrameworkCore.Analyzers": "10.0.12"
        }
      },
      "Microsoft.EntityFrameworkCore.Sqlite": {
        "type": "CentralTransitive",
        "requested": "[10.0.12, )",
        "resolved": "10.0.12",
        "contentHash": "rRXkKBWHjtngj2DYqSXOThGpqiR0LQkxk0b0PIVDhVEzfwpgOR7dbKMw1/My8unDCTCwn/blclR7imxntYGvEg==",
        "dependencies": {
          "Microsoft.EntityFrameworkCore.Sqlite.Core": "10.0.12",
          "Microsoft.Extensions.DependencyModel": "10.0.12",
          "SQLitePCLRaw.bundle_e_sqlite3": "2.1.12",
          "SQLitePCLRaw.core": "2.1.12"
        }
      },
      "SQLitePCLRaw.bundle_e_sqlite3": {
        "type": "CentralTransitive",
        "requested": "[3.0.5, )",
        "resolved": "3.0.5",
        "contentHash": "SW8iASIyWMrLzqabUHYQRvALhvD4ylSBsj4PgEVGwc36kQjc9xT5kSV/XQ9rU7nIpBWD+LPyX3Hlw5FzyUzGeQ==",
        "dependencies": {
          "SQLite": "3.53.4",
          "SQLitePCLRaw.config.e_sqlite3": "3.0.5"
        }
      },
      "Trax.Api.Auth": {
        "type": "CentralTransitive",
        "requested": "[1.40.0, )",
        "resolved": "1.40.0",
        "contentHash": "mPA5bCCb4hScg4TPoh+BPkWSLLzkodI7Fm3aM8QcHauCW/zVyV77y+PADFjGm7gXYzE7sSei4pj2kP9Am/oCIA==",
        "dependencies": {
          "Microsoft.EntityFrameworkCore": "10.0.9",
          "Trax.Effect": "1.43.0",
          "Trax.Effect.Data": "1.43.0",
          "Trax.Mediator": "1.20.0"
        }
      },
      "Trax.Api.Auth.Jwt": {
        "type": "CentralTransitive",
        "requested": "[1.40.0, )",
        "resolved": "1.40.0",
        "contentHash": "xwsGTEwnuYQA4KE68o4CZGyqiDQoBEVFI3LyQdhf/laPSVE4ZC5HPCWBx2yWKDpqaK+Ze0yMqbgBLQtDtbsrVw==",
        "dependencies": {
          "Microsoft.AspNetCore.Authentication.JwtBearer": "10.0.9",
          "Microsoft.EntityFrameworkCore": "10.0.9",
          "Trax.Api.Auth": "1.40.0",
          "Trax.Effect": "1.43.0",
          "Trax.Effect.Data": "1.43.0",
          "Trax.Mediator": "1.20.0"
        }
      },
      "Trax.Effect": {
        "type": "CentralTransitive",
        "requested": "[1.47.0, )",
        "resolved": "1.47.0",
        "contentHash": "0M+Ydpjse1pLNzsnp5S/PuRKVDXDn+w58x8d/BqocghzjByq/RM1bGQGyneqa++tWPZZoQUjn5fGteZv1L0wOQ==",
        "dependencies": {
          "Trax.Core": "1.6.0"
        }
      },
      "Trax.Effect.Data": {
        "type": "CentralTransitive",
        "requested": "[1.47.0, )",
        "resolved": "1.47.0",
        "contentHash": "wX8lUqPrh3VfQgHHKqDS1pksRwHuSra/5FqTswnonyu1ZYxo9rpk0qHUER1IcXK3A2M8o8ErAGsi5+vY0Q5eFA==",
        "dependencies": {
          "Microsoft.EntityFrameworkCore": "10.0.3",
          "Microsoft.EntityFrameworkCore.Relational": "10.0.3",
          "Npgsql": "10.0.3",
          "Trax.Core": "1.6.0",
          "Trax.Effect": "1.47.0"
        }
      },
      "Trax.Effect.Data.Sqlite": {
        "type": "CentralTransitive",
        "requested": "[1.47.0, )",
        "resolved": "1.47.0",
        "contentHash": "QEW4dZIQHz8UKXwv52JEoZPBysRmTv0HnweAiYDZeTGReUV/eW6fz7RE7eCuKXzg0oaIWep+Z9ZB6p4Y5hLCFw==",
        "dependencies": {
          "Microsoft.EntityFrameworkCore": "10.0.3",
          "Microsoft.EntityFrameworkCore.Relational": "10.0.3",
          "Microsoft.EntityFrameworkCore.Sqlite": "10.0.3",
          "Npgsql": "10.0.3",
          "SQLitePCLRaw.bundle_e_sqlite3": "3.0.3",
          "Trax.Core": "1.6.0",
          "Trax.Effect.Data": "1.47.0",
          "dbup-core": "6.1.1",
          "dbup-sqlite": "6.0.4"
        }
      },
      "Trax.Mediator": {
        "type": "CentralTransitive",
        "requested": "[1.20.0, )",
        "resolved": "1.20.0",
        "contentHash": "++o5w7hEaf9SS+qyzvY2++kSECmUg1rvckCraFK+kVZ9eTYcgTJZ4jggtU/njDiZae64Fk34KE7LTS7THed/VA==",
        "dependencies": {
          "Trax.Effect": "1.41.0",
          "Trax.Effect.Data": "1.41.0"
        }
      },
      "Trax.Scheduler": {
        "type": "CentralTransitive",
        "requested": "[1.31.0, )",
        "resolved": "1.31.0",
        "contentHash": "7vCFKZJjsM6P/C0KmGNA71FictNdnSJnenMBLRgXsBueeeE3LE0cerLv+E5RZgdJLYtzwdHKz+qfohhiIZVTAA==",
        "dependencies": {
          "Cronos": "0.13.0",
          "Npgsql": "10.0.3",
          "Trax.Effect": "1.43.0",
          "Trax.Effect.Data": "1.43.0",
          "Trax.Mediator": "1.20.0"
        }
      }
    }
  }
}