{
  "version": 2,
  "dependencies": {
    "net10.0": {
      "DotNet.ReproducibleBuilds": {
        "type": "Direct",
        "requested": "[2.0.5, )",
        "resolved": "2.0.5",
        "contentHash": "8LrlvI1KpjjJ4VGSqZ16yoOCKlQnYS+Y8rYNifNrscmVh5anJcF9E4e0NiDP30BHBMUbkoJ5KdcxoRWM7Pz9Aw=="
      },
      "HotChocolate.AspNetCore": {
        "type": "Direct",
        "requested": "[16.6.6, )",
        "resolved": "16.6.6",
        "contentHash": "aOIKZaAxI28iLkkYGeJqMr2ed/Ul/xb8r/+MzuUad7H8M7MoMdnzW6ciTEdeveE8e2slKLPCOe7LdDcC0yCs6g==",
        "dependencies": {
          "ChilliCream.Nitro.App": "32.0.2",
          "HotChocolate": "16.6.6",
          "HotChocolate.AspNetCore.Pipeline": "16.6.6",
          "HotChocolate.Subscriptions.InMemory": "16.6.6",
          "HotChocolate.Transport.Formatters": "16.6.6",
          "HotChocolate.Transport.Sockets": "16.6.6",
          "HotChocolate.Types.Scalars.Upload": "16.6.6",
          "HotChocolate.Utilities.DependencyInjection": "16.6.6"
        }
      },
      "Microsoft.AspNetCore.App.Internal.Assets": {
        "type": "Direct",
        "requested": "[10.0.9, )",
        "resolved": "10.0.9",
        "contentHash": "E9Wp/LPKAYkGOVBv4lt5U5TnUA/7pov7QZAwF3eI64kK8AAXqkPDwuadEOwpL1WXEfgecYm0fccluvABp32D8g=="
      },
      "Trax.Api": {
        "type": "Direct",
        "requested": "[1.43.1, )",
        "resolved": "1.43.1",
        "contentHash": "URGY9Kcw6XFgWlg2Qa8MAGD//du+YxGE+2odsc/s074X9/W9kIvkjhTITPtCl7s5MFZNKjqzicLTJscxAyypfw==",
        "dependencies": {
          "Microsoft.EntityFrameworkCore": "10.0.9",
          "Trax.Effect": "1.54.0",
          "Trax.Effect.Data": "1.54.0",
          "Trax.Mediator": "1.22.0",
          "Trax.Scheduler": "1.32.0"
        }
      },
      "Trax.Api.GraphQL": {
        "type": "Direct",
        "requested": "[1.43.1, )",
        "resolved": "1.43.1",
        "contentHash": "3TDgVGR1AKzWUAKVdEyIT93vFMV99Q31cw0KKmojBi8b9z8K1rARcxcrwv1kw5Gd3BFYx0mSwD+qyv4lqfdOMQ==",
        "dependencies": {
          "HotChocolate": "16.6.2",
          "HotChocolate.AspNetCore": "16.6.2",
          "HotChocolate.AspNetCore.Authorization": "16.6.2",
          "HotChocolate.CostAnalysis": "16.6.2",
          "HotChocolate.Data": "16.6.2",
          "HotChocolate.Data.EntityFramework": "16.6.2",
          "HotChocolate.Execution.Projections": "16.6.2",
          "Microsoft.AspNetCore.Authentication.JwtBearer": "10.0.9",
          "Microsoft.EntityFrameworkCore": "10.0.9",
          "Trax.Api": "1.43.1",
          "Trax.Api.Auth": "1.43.1",
          "Trax.Api.Auth.Jwt": "1.43.1",
          "Trax.Effect": "1.54.0",
          "Trax.Effect.Data": "1.54.0",
          "Trax.Mediator": "1.22.0",
          "Trax.Scheduler": "1.32.0"
        }
      },
      "Trax.Dashboard": {
        "type": "Direct",
        "requested": "[1.15.0, )",
        "resolved": "1.15.0",
        "contentHash": "ittY0teuwX88P+lJr4LPR4aQ4Cqo6r0fnn+Nomg5yZV6vrsTMXRGDlCnK1EVfT3PfFyt/IwkTARhlvHPSI8oZQ==",
        "dependencies": {
          "Radzen.Blazor": "11.2.0",
          "Trax.Api.GraphQL.PersistedOperations": "1.38.0",
          "Trax.Effect": "1.41.0",
          "Trax.Effect.Data": "1.41.0",
          "Trax.Mediator": "1.20.0",
          "Trax.Scheduler": "1.29.0"
        }
      },
      "Trax.Effect.Broadcaster.RabbitMQ": {
        "type": "Direct",
        "requested": "[1.54.0, )",
        "resolved": "1.54.0",
        "contentHash": "iPUbEF3JSUqrF8d1NnM/aDvucVbMA8nJQPM+EaGfXloGab6OTXIdTc5Ho2AKmx/RGBX6HjBBJ1V/aPgovbi0tw==",
        "dependencies": {
          "RabbitMQ.Client": "7.2.2",
          "Trax.Core": "1.6.0",
          "Trax.Effect": "1.54.0"
        }
      },
      "Trax.Effect.JunctionProvider.Progress": {
        "type": "Direct",
        "requested": "[1.54.0, )",
        "resolved": "1.54.0",
        "contentHash": "leR4N2n1nkXeBpeO+ZdUuXavsMdqbWb6ewmKeYgAEIqP4TFkpDn8txIXOjyiVHNs+oiQLgKb9B0gYLy9ioG2uQ==",
        "dependencies": {
          "Microsoft.EntityFrameworkCore": "10.0.3",
          "Microsoft.EntityFrameworkCore.Relational": "10.0.3",
          "Npgsql": "10.0.3",
          "Trax.Core": "1.6.0",
          "Trax.Effect": "1.54.0",
          "Trax.Effect.Data": "1.54.0"
        }
      },
      "Trax.Effect.Provider.Json": {
        "type": "Direct",
        "requested": "[1.54.0, )",
        "resolved": "1.54.0",
        "contentHash": "S/nYhrOjtjtHRrkwcxO0zvDZ58Eax5kWggxb/fF3l6pBQ5rrwoSi/7dS+vu5p02RuliOxsPNpM8WvsAOQLv/Sg==",
        "dependencies": {
          "Trax.Core": "1.6.0",
          "Trax.Effect": "1.54.0"
        }
      },
      "Trax.Effect.Provider.Parameter": {
        "type": "Direct",
        "requested": "[1.54.0, )",
        "resolved": "1.54.0",
        "contentHash": "ZE5vi69WpyUhXNwG5KkUA7n/cJbVyBzTdVnZputA/QHgZqzGS1azIuTYmKZWTH2Y1AQUbXgJqhw3sYb8NSMX2w==",
        "dependencies": {
          "Trax.Core": "1.6.0",
          "Trax.Effect": "1.54.0"
        }
      },
      "ChilliCream.Nitro.App": {
        "type": "Transitive",
        "resolved": "32.0.2",
        "contentHash": "wSD2dFFraVpIsQDiy31k1vkGWYAGdzNVXOhtOIujMt/ADAzfkEbJUsPyF4qoktFspepN4VrAN7DMS8QRqkEhTg==",
        "dependencies": {
          "Yarp.ReverseProxy": "2.3.0"
        }
      },
      "Cronos": {
        "type": "Transitive",
        "resolved": "0.13.0",
        "contentHash": "Nkve+Yi0+ol3ntSBRHeW0ka9cJQ8vndSUvvkXqF9LVqwpoqWueyxu/HS275r98RDOmF7/mzRnZW5XXUBXob+TA=="
      },
      "dbup-core": {
        "type": "Transitive",
        "resolved": "6.1.1",
        "contentHash": "kgpuyJVEFJHoIj/slnc994Go88aoeZqNDfGHDBr4sh7CsEWwJhOTCt/FJqO4ziUImL5L0NEY0kxxOiNgPKI2Fw=="
      },
      "dbup-postgresql": {
        "type": "Transitive",
        "resolved": "7.0.1",
        "contentHash": "mRnmENWWPuuMZ538gOd1mZnzucx6FQk0anmw3EABjGfcbp24FDb9QdGepYrDiaM8K9s5/gd49+5cmBOlniH/lg==",
        "dependencies": {
          "Npgsql": "10.0.1",
          "dbup-core": "6.1.1"
        }
      },
      "EFCore.NamingConventions": {
        "type": "Transitive",
        "resolved": "10.0.1",
        "contentHash": "Xs5k8XfNKPkkQSkGmZkmDI1je0prLTdxse+s8PgTFZxyBrlrTLzTBUTVJtQKSsbvu4y+luAv8DdtO5SALJE++A==",
        "dependencies": {
          "Microsoft.EntityFrameworkCore": "[10.0.1, 11.0.0)",
          "Microsoft.EntityFrameworkCore.Relational": "[10.0.1, 11.0.0)"
        }
      },
      "GreenDonut": {
        "type": "Transitive",
        "resolved": "16.6.6",
        "contentHash": "lZKrMdIeHGjUv+qDrKfBNP/ZZx+i5m+/fDzwmmd2oESw4CqJHpkr8FZjgNMV8GMSq9PonNCp/Ja1hq9D4AUhLQ==",
        "dependencies": {
          "GreenDonut.Abstractions": "16.6.6"
        }
      },
      "GreenDonut.Abstractions": {
        "type": "Transitive",
        "resolved": "16.6.6",
        "contentHash": "uY9vLMTLBFSg+nRRjObyuZoD8uX2kDgtOASJhL28f631lnRCB32B3oGAOkYnlyL549xOZz4IfWZbl/SrHjo/rg=="
      },
      "GreenDonut.Data": {
        "type": "Transitive",
        "resolved": "16.6.6",
        "contentHash": "K10e03FamHWN255k5qNOQhf1qHFFcGZwOhpDVcACvfj6ibb8DD6v3lO0K/oxCywHkh4oA+DMvKL5DBuUjS+WYQ==",
        "dependencies": {
          "GreenDonut": "16.6.6",
          "GreenDonut.Data.Abstractions": "16.6.6"
        }
      },
      "GreenDonut.Data.Abstractions": {
        "type": "Transitive",
        "resolved": "16.6.6",
        "contentHash": "ZDni43zSbDWSwRY6A2C9qd60thJ76zlKpi8lucEXOC0fGsiThBQcl/zhTJQZodwwR/sdsIRbuSW2bEN13eWGkw==",
        "dependencies": {
          "GreenDonut.Abstractions": "16.6.6",
          "GreenDonut.Data.Primitives": "16.6.6"
        }
      },
      "GreenDonut.Data.EntityFramework": {
        "type": "Transitive",
        "resolved": "16.6.2",
        "contentHash": "8SabG5hkQYWV5mW7bHp3WkeCG2kmGb8SjddUbHkJEpnzElZ+rNzzkUiIft7kCZL5Ap3GYKJKogjejwPosoQUPA==",
        "dependencies": {
          "GreenDonut.Data": "16.6.2",
          "Microsoft.EntityFrameworkCore": "10.0.0"
        }
      },
      "GreenDonut.Data.Primitives": {
        "type": "Transitive",
        "resolved": "16.6.6",
        "contentHash": "P9EJYUGc2GelJ40MH1fyU8H/nWl9nWQPZpJeteIhtJ23TA8XeptM/ykWTOVTHHcNM1ucPoKOo6TOv4MoZWX7MA=="
      },
      "HotChocolate": {
        "type": "Transitive",
        "resolved": "16.6.6",
        "contentHash": "uC2ZnGiMLzsj78LO6INbWH0lmcQcQmy3mlx/pCQmzio7EFSKYpoN8IfZio7WQMIPb2GR+pCvgFnl503XUCX7lg==",
        "dependencies": {
          "HotChocolate.Authorization": "16.6.6",
          "HotChocolate.CostAnalysis": "16.6.6",
          "HotChocolate.Execution.Projections": "16.6.6",
          "HotChocolate.Types": "16.6.6",
          "HotChocolate.Types.CursorPagination": "16.6.6",
          "HotChocolate.Types.CursorPagination.Extensions": "16.6.6",
          "HotChocolate.Types.Mutations": "16.6.6",
          "HotChocolate.Types.Queries": "16.6.6",
          "HotChocolate.Validation": "16.6.6"
        }
      },
      "HotChocolate.Abstractions": {
        "type": "Transitive",
        "resolved": "16.6.6",
        "contentHash": "ZgVcoWqZFy87AQ7Imy/SNNo99QjLYlYATcM7ITWaqJmBriFR2Hn8i+woEq5Y/uPm+AIScKs8XfzR07jWaWSWIw==",
        "dependencies": {
          "HotChocolate.Execution.Abstractions": "16.6.6",
          "HotChocolate.Language": "16.6.6",
          "HotChocolate.Primitives": "16.6.6"
        }
      },
      "HotChocolate.AspNetCore.Authorization": {
        "type": "Transitive",
        "resolved": "16.6.2",
        "contentHash": "z1eKcIj2sssB/SmOeHv7SSOcyVA4sNImUCcKZHRd+1oisPJMCMC/PFyGQdVVA0bHAAfzyMSBWOaWYxzPuXUleQ==",
        "dependencies": {
          "HotChocolate": "16.6.2"
        }
      },
      "HotChocolate.AspNetCore.Pipeline": {
        "type": "Transitive",
        "resolved": "16.6.6",
        "contentHash": "3TVYIVqdxO0iqUlwn3oCRaho6b5ql9HsyEAxJH5LAZxhhEz/z2H8UnRdSJPWqXn2ec7mbDqIAE71IBOqmYyZOg==",
        "dependencies": {
          "ChilliCream.Nitro.App": "32.0.2",
          "HotChocolate.Caching.Memory": "16.6.6",
          "HotChocolate.PersistedOperations.Abstractions": "16.6.6",
          "HotChocolate.Transport.Formatters": "16.6.6",
          "HotChocolate.Transport.Sockets": "16.6.6"
        }
      },
      "HotChocolate.Authorization": {
        "type": "Transitive",
        "resolved": "16.6.6",
        "contentHash": "28HgvrZ74GzW6N/+Y8mhI2SujaIKjxOsaSYy7HscVleGiSbUDN0NU2rwq7wa8dVii2pgPg9GQcqooRQ0K/DwMA==",
        "dependencies": {
          "HotChocolate.Types": "16.6.6"
        }
      },
      "HotChocolate.Caching.Memory": {
        "type": "Transitive",
        "resolved": "16.6.6",
        "contentHash": "Ltm3nMTRtl4w+1vaK1xrbdiA3GsG6Sh1f18S+B4o9VgexeBO73o9K2FqGaxI2mJhXzxbE/zXR6aUXoIWTMbdHQ=="
      },
      "HotChocolate.CostAnalysis": {
        "type": "Transitive",
        "resolved": "16.6.6",
        "contentHash": "YXSTlgW8WFP35srHjhFjih9wLi1wWp1xpLrbslv9eAxuXUQIxeddB99ylgKpruclYZeQ22YgR4ANLDqjUkSsqw==",
        "dependencies": {
          "HotChocolate.Types": "16.6.6"
        }
      },
      "HotChocolate.Data": {
        "type": "Transitive",
        "resolved": "16.6.2",
        "contentHash": "STlU+MGdNJy3w0G1J5eVRclQ0VIHgksRk/Zul1QDmBYCOT+sy+tOUn1/HJIqNWWmixEQu6L0GMQP7aZ6pXA9Bg==",
        "dependencies": {
          "GreenDonut.Data": "16.6.2",
          "GreenDonut.Data.Abstractions": "16.6.2",
          "GreenDonut.Data.Primitives": "16.6.2",
          "HotChocolate.Execution.Operation.Abstractions": "16.6.2",
          "HotChocolate.Execution.Projections": "16.6.2",
          "HotChocolate.Types": "16.6.2",
          "HotChocolate.Types.CursorPagination.Extensions": "16.6.2"
        }
      },
      "HotChocolate.Data.EntityFramework": {
        "type": "Transitive",
        "resolved": "16.6.2",
        "contentHash": "qjkLk9bfpTjb9eMiIx1az3OtZcS6oEhdLQz5e2FiANJF20ay4MDtdT3DozzwU19Aa+57aiK+H8Gd9UlQmAzPgg==",
        "dependencies": {
          "GreenDonut.Data": "16.6.2",
          "GreenDonut.Data.Abstractions": "16.6.2",
          "GreenDonut.Data.EntityFramework": "16.6.2",
          "HotChocolate": "16.6.2",
          "HotChocolate.Data": "16.6.2",
          "Microsoft.EntityFrameworkCore": "10.0.0"
        }
      },
      "HotChocolate.Execution.Abstractions": {
        "type": "Transitive",
        "resolved": "16.6.6",
        "contentHash": "5ODUbAkNH/ChmyHaaNkypnerEJbc7vhBM1N0BF82XCiCXbUaCK0mOm4kkciVCBDVLoS7TfrAOTvoymxWOjX/FA==",
        "dependencies": {
          "HotChocolate.Features": "16.6.6",
          "HotChocolate.Language.SyntaxTree": "16.6.6",
          "HotChocolate.Language.Web": "16.6.6",
          "HotChocolate.Primitives": "16.6.6",
          "HotChocolate.Text.Json": "16.6.6",
          "HotChocolate.Types.Abstractions": "16.6.6",
          "HotChocolate.Utilities.Buffers": "16.6.6",
          "HotChocolate.Utilities.Tasks": "16.6.6"
        }
      },
      "HotChocolate.Execution.Configuration.Abstractions": {
        "type": "Transitive",
        "resolved": "16.6.6",
        "contentHash": "JF8VLYGa97+Gz1eUeylk4Y2L1asZdrsNtOeeJaKF46IGV4rTm/3YVsERD0wUI8KbpzZbl/VPBG4aoOB3gVIifQ==",
        "dependencies": {
          "HotChocolate.Abstractions": "16.6.6"
        }
      },
      "HotChocolate.Execution.Operation.Abstractions": {
        "type": "Transitive",
        "resolved": "16.6.6",
        "contentHash": "mHx1jtbHuqyovC1+2c+icUmQhK9Wj0POY+EB7UO4njiLUPIz+IIeRNDoykV8fyOUPJEXojbbYk7SsiIw0nFvXg==",
        "dependencies": {
          "HotChocolate.Features": "16.6.6",
          "HotChocolate.Types.Abstractions": "16.6.6"
        }
      },
      "HotChocolate.Execution.Pipeline": {
        "type": "Transitive",
        "resolved": "16.6.6",
        "contentHash": "Hp+G4S4OBsV72KPXfcO4jKAaDZIPqm56ElJX6Oy+AGN1xhM9hcMGu3gc3vJ8beJA/9XQCpu7koDMz8EqTmkv5Q==",
        "dependencies": {
          "HotChocolate.Execution.Abstractions": "16.6.6",
          "HotChocolate.Validation": "16.6.6"
        }
      },
      "HotChocolate.Execution.Projections": {
        "type": "Transitive",
        "resolved": "16.6.6",
        "contentHash": "i+F3rvbkM3kxJCMkkh8VUXy+ozAxIoxocJzANMEhuW1TWrU1XsB/2LbFKEZirOuHQx2TumCg2YZPhtE1bny7rA==",
        "dependencies": {
          "GreenDonut.Data": "16.6.6",
          "GreenDonut.Data.Abstractions": "16.6.6",
          "GreenDonut.Data.Primitives": "16.6.6",
          "HotChocolate.Caching.Memory": "16.6.6",
          "HotChocolate.Execution.Configuration.Abstractions": "16.6.6",
          "HotChocolate.Types": "16.6.6"
        }
      },
      "HotChocolate.Features": {
        "type": "Transitive",
        "resolved": "16.6.6",
        "contentHash": "HckZRX5UZEXvS/BKK9JuZ/18l+H627RcwDIFVfL+3Vz4hZEpGmKfXDaRHmEHPGpJYc5m8V4R6UB7Shw9Kdcaag=="
      },
      "HotChocolate.Fusion.Language": {
        "type": "Transitive",
        "resolved": "16.6.6",
        "contentHash": "xCPJxpLnitSwBaYOReuRBDv+xl9UC3i+tSTtFMsqQeQY+heIiUC8Yw76rifKFjWPfEOrgJGgylhhEul+RUSIQw=="
      },
      "HotChocolate.Fusion.Utilities": {
        "type": "Transitive",
        "resolved": "16.6.6",
        "contentHash": "iYQ07jT5J3h/V70dD1i5MeXo42Q/X09bHsxmFndjwj6iz156dkO4jq3ZdYVvu2m8GjVd+Q88hN5+NeoCstxZEQ==",
        "dependencies": {
          "HotChocolate.Execution.Abstractions": "16.6.6",
          "HotChocolate.Fusion.Language": "16.6.6",
          "HotChocolate.Language": "16.6.6",
          "HotChocolate.Types.Abstractions": "16.6.6"
        }
      },
      "HotChocolate.Language": {
        "type": "Transitive",
        "resolved": "16.6.6",
        "contentHash": "QxlDmucMkejDL43z7tRtMiZ1yLwzLnGS1AyXxaHD96K7wuzJxf0wsJ8jQX25pC5PY9KsU/G2iTffLR/tHzmg4A==",
        "dependencies": {
          "HotChocolate.Language.SyntaxTree": "16.6.6",
          "HotChocolate.Language.Utf8": "16.6.6",
          "HotChocolate.Language.Visitors": "16.6.6",
          "HotChocolate.Language.Web": "16.6.6"
        }
      },
      "HotChocolate.Language.SyntaxTree": {
        "type": "Transitive",
        "resolved": "16.6.6",
        "contentHash": "IqVE/DZdPeWSWFeaQXDoYYFKmwosHKp8uANZ2UaaLR4CT30Z5HE5N6KkK1PlDybWyURF/kCd8rjQyGG71qt3/Q==",
        "dependencies": {
          "HotChocolate.Utilities.Buffers": "16.6.6"
        }
      },
      "HotChocolate.Language.Utf8": {
        "type": "Transitive",
        "resolved": "16.6.6",
        "contentHash": "fKcLmQjXAMTSUun0pCwH4+7/WEhFs0bXUAobmixekXWmPIjX95wanLAbTY57AnaaCRTD0B6Lg/T+rE+tbkZv2g==",
        "dependencies": {
          "HotChocolate.Language.SyntaxTree": "16.6.6",
          "HotChocolate.Language.Utf8.SyntaxTree": "16.6.6",
          "HotChocolate.Utilities.Buffers": "16.6.6"
        }
      },
      "HotChocolate.Language.Utf8.SyntaxTree": {
        "type": "Transitive",
        "resolved": "16.6.6",
        "contentHash": "+L1Be1Vt+UtY+SGRjZ32RQKUVam/jEwV/XXBoLJl7ElcrvOYjya2g5UmSESqRRb8s75tfw6Wt3iPq1S/G/zEMQ==",
        "dependencies": {
          "HotChocolate.Language.SyntaxTree": "16.6.6",
          "HotChocolate.Utilities.Buffers": "16.6.6"
        }
      },
      "HotChocolate.Language.Visitors": {
        "type": "Transitive",
        "resolved": "16.6.6",
        "contentHash": "yQwCIX3rXuBQp6+hqp8brNGtL+1skjYC+KM36BAIx6/Bd9R61TQS/F8AHmOWg4F/YSF8UjtmZ7kWZ7hZMTvTww==",
        "dependencies": {
          "HotChocolate.Language.SyntaxTree": "16.6.6"
        }
      },
      "HotChocolate.Language.Web": {
        "type": "Transitive",
        "resolved": "16.6.6",
        "contentHash": "bZJihMiz0gk08qNtv5oIOATjrdjVZ5mGhEeTDxtskx+o1nJfrsakuT5NcKoX2P7PjkyvTSxSa41nQTJ5sS294g==",
        "dependencies": {
          "HotChocolate.Language.Utf8": "16.6.6",
          "HotChocolate.Language.Visitors": "16.6.6"
        }
      },
      "HotChocolate.PersistedOperations.Abstractions": {
        "type": "Transitive",
        "resolved": "16.6.6",
        "contentHash": "3i/iVJOUMC5mrqQmu69AX317DmzxRtlVCenlj8fzrkZ87ANGTHtLmuzoJX5WQp05fSl4HWebfePA/rmm6i37Eg==",
        "dependencies": {
          "HotChocolate.Execution.Abstractions": "16.6.6"
        }
      },
      "HotChocolate.PersistedOperations.Pipeline": {
        "type": "Transitive",
        "resolved": "16.6.6",
        "contentHash": "iKV66KHjbz/8jwGfW59KUzR3ziCtxCxdLyiBOnXlk3nY2uXcS0NQDw/de5Bg76cXX0l1hCvhTGSxS5vzgm2cug==",
        "dependencies": {
          "HotChocolate.PersistedOperations.Abstractions": "16.6.6"
        }
      },
      "HotChocolate.Primitives": {
        "type": "Transitive",
        "resolved": "16.6.6",
        "contentHash": "Cu0hACIptsex/zJbc2mU6UN3TaCEOVGCfVrVDutj6835DOgmQCKQzy1PJhpWsZXrkSgiNw5oQOWFxpbsgfMiaA==",
        "dependencies": {
          "HotChocolate.Language": "16.6.6"
        }
      },
      "HotChocolate.Subscriptions": {
        "type": "Transitive",
        "resolved": "16.6.6",
        "contentHash": "+tNpVnnOEcuuu9w9RBhiKRlFgUotNqod02vQVK4xePJ2LFS0utLeQ8p7Yb5No22oH20xnz8x1kIcUaADUdNDqQ==",
        "dependencies": {
          "HotChocolate.Abstractions": "16.6.6",
          "HotChocolate.Execution.Configuration.Abstractions": "16.6.6",
          "HotChocolate.Utilities": "16.6.6"
        }
      },
      "HotChocolate.Subscriptions.InMemory": {
        "type": "Transitive",
        "resolved": "16.6.6",
        "contentHash": "NSAO7qdx5sRpOkmXUL7eRbe6T9Ssqt43bLxmqUhwBHG9RoqNzDfcqbBE+q0IPz9+k61LBKEbcKUda+5Fr4imkQ==",
        "dependencies": {
          "HotChocolate.Execution.Configuration.Abstractions": "16.6.6",
          "HotChocolate.Subscriptions": "16.6.6"
        }
      },
      "HotChocolate.Text.Json": {
        "type": "Transitive",
        "resolved": "16.6.6",
        "contentHash": "CaoTNkC6lDYYz6TwIkt7HbrCqyW1syDK52FPuEVJ4XI6SL9LiIC/UfcMP9rNoQ+/hry7tYlapLz57Y55oucK+A=="
      },
      "HotChocolate.Transport.Formatters": {
        "type": "Transitive",
        "resolved": "16.6.6",
        "contentHash": "bdYDHRolCE2N8YqtbyUwUV5ivfwjyWIc4xISDXzOb47BOyJOYZUuh24zRoGQ7HPHwcyIfc11d2wrrOOd8c/dlQ==",
        "dependencies": {
          "HotChocolate.Execution.Abstractions": "16.6.6",
          "HotChocolate.Utilities.Buffers": "16.6.6",
          "HotChocolate.Utilities.Tasks": "16.6.6"
        }
      },
      "HotChocolate.Transport.Sockets": {
        "type": "Transitive",
        "resolved": "16.6.6",
        "contentHash": "Ww/M3ptaPXyKiQmUJGOiwKr0bfl44Os0IWTuojLUQaP2aV5vXYHETNrBFF1OyprkF2nd/ZXeSoNmMeB+oQjSEw=="
      },
      "HotChocolate.Types": {
        "type": "Transitive",
        "resolved": "16.6.6",
        "contentHash": "zZmbJyegBES66Tll7GmFQpb6lryHMUCvF3rmHP22lHNNEFJSnwWusGZE7Wb4R5xBXfYZ1SD/eAz3LXGwLYkbTw==",
        "dependencies": {
          "GreenDonut": "16.6.6",
          "GreenDonut.Data.Primitives": "16.6.6",
          "HotChocolate.Abstractions": "16.6.6",
          "HotChocolate.Caching.Memory": "16.6.6",
          "HotChocolate.Execution.Abstractions": "16.6.6",
          "HotChocolate.Execution.Configuration.Abstractions": "16.6.6",
          "HotChocolate.Execution.Operation.Abstractions": "16.6.6",
          "HotChocolate.Execution.Pipeline": "16.6.6",
          "HotChocolate.Features": "16.6.6",
          "HotChocolate.Fusion.Language": "16.6.6",
          "HotChocolate.Fusion.Utilities": "16.6.6",
          "HotChocolate.PersistedOperations.Abstractions": "16.6.6",
          "HotChocolate.PersistedOperations.Pipeline": "16.6.6",
          "HotChocolate.Text.Json": "16.6.6",
          "HotChocolate.Transport.Formatters": "16.6.6",
          "HotChocolate.Types.Abstractions": "16.6.6",
          "HotChocolate.Utilities": "16.6.6",
          "HotChocolate.Utilities.Base36": "16.6.6",
          "HotChocolate.Utilities.DependencyInjection": "16.6.6"
        }
      },
      "HotChocolate.Types.Abstractions": {
        "type": "Transitive",
        "resolved": "16.6.6",
        "contentHash": "OseH+NiVy+6zmx2nqHlwxojQvL5okBRzDLea5ppVGLb++4R7x3ipwGSlqpoLVOrkkV4km26mHMv1dh4sVlLgxA==",
        "dependencies": {
          "HotChocolate.Features": "16.6.6",
          "HotChocolate.Primitives": "16.6.6"
        }
      },
      "HotChocolate.Types.CursorPagination": {
        "type": "Transitive",
        "resolved": "16.6.6",
        "contentHash": "YaC8PvszRJLEumc6siMSSEEtcqQcNu6vNS5FvejcMusKzkg2AuNGfDWoPavCJWXqERodx7I1W94k3iFuGRbdJg==",
        "dependencies": {
          "HotChocolate.Execution.Configuration.Abstractions": "16.6.6",
          "HotChocolate.Types": "16.6.6"
        }
      },
      "HotChocolate.Types.CursorPagination.Extensions": {
        "type": "Transitive",
        "resolved": "16.6.6",
        "contentHash": "V3/GKq6qAdurschzyQOUMMP9iJq/izNEj1M4tATFtfOQIbdGHLCp696zij8b3n1dt5ojFudIe8pzhkvri+gB4g==",
        "dependencies": {
          "GreenDonut.Data": "16.6.6",
          "HotChocolate.Types.CursorPagination": "16.6.6"
        }
      },
      "HotChocolate.Types.Errors": {
        "type": "Transitive",
        "resolved": "16.6.6",
        "contentHash": "RZP+P4zxTVOJ12LCtc4lE7vbcBN5oFrURSdXmQIsSuhIg+b05hE7kHdt0OuefRg6paVfEPNWCzOrX9NvGYxKRA==",
        "dependencies": {
          "HotChocolate.Types": "16.6.6"
        }
      },
      "HotChocolate.Types.Mutations": {
        "type": "Transitive",
        "resolved": "16.6.6",
        "contentHash": "b8hLolLXSsqU4gRchBfUrT/acrozGooNkygvL/si/70es3ethUcXGoyUyacKexNvn3pBXrX0xFUYxB7eiegtWA==",
        "dependencies": {
          "HotChocolate.Types": "16.6.6",
          "HotChocolate.Types.Errors": "16.6.6"
        }
      },
      "HotChocolate.Types.Queries": {
        "type": "Transitive",
        "resolved": "16.6.6",
        "contentHash": "WMf7hNgUo/DTYaKYxMyniXJxm2ZrsiXXCtWTPIfzJg7CGvYu5PQGORBCVMLrKl7Oglee5uLob0BT95sSMcAPqw==",
        "dependencies": {
          "HotChocolate.Types": "16.6.6",
          "HotChocolate.Types.Errors": "16.6.6"
        }
      },
      "HotChocolate.Types.Scalars.Upload": {
        "type": "Transitive",
        "resolved": "16.6.6",
        "contentHash": "cuAaj7qlDmGgGCwr/hHNMjPwxrik7MYTXOVwTxm2BWMW1TRHU1brUTkCLLq60Jg6PAB0liCqgkF/NfXcUS7o9A==",
        "dependencies": {
          "HotChocolate.Types": "16.6.6"
        }
      },
      "HotChocolate.Utilities": {
        "type": "Transitive",
        "resolved": "16.6.6",
        "contentHash": "H388qFzIU/6xk4p4TiCjOV4Ix39M/j++skp4fY+hJDaoNpK+pEM7HG5spCO4YTDpujmtbsXfld0O6zvw3uOioQ==",
        "dependencies": {
          "HotChocolate.Utilities.Buffers": "16.6.6",
          "HotChocolate.Utilities.Tasks": "16.6.6"
        }
      },
      "HotChocolate.Utilities.Base36": {
        "type": "Transitive",
        "resolved": "16.6.6",
        "contentHash": "OabJ+pFZOh2Nc5dGMwn7Q1c/kOJzU9UvjdoN/DKAJBtuTtZXjnR/AQtX8tP8o2NPmXJhmFHYClTSJXFE9/G4Qw=="
      },
      "HotChocolate.Utilities.Buffers": {
        "type": "Transitive",
        "resolved": "16.6.6",
        "contentHash": "90Iv2tz6e5ohafySknjwr499U6O1+ytOOZlZ9VhEkRHvQ8Dq+G52Zp8YDg7IOoym/sA1ITTcCAikZTU6S9r3bA=="
      },
      "HotChocolate.Utilities.DependencyInjection": {
        "type": "Transitive",
        "resolved": "16.6.6",
        "contentHash": "6b9DvX5afleeqWxezuTkLXYx78GYINfc6Tuun/ueQLRmLJzBErF5Zp8jTw+9XNhtPNCMkY0xqdukfY5hLAKFtA=="
      },
      "HotChocolate.Utilities.Tasks": {
        "type": "Transitive",
        "resolved": "16.6.6",
        "contentHash": "D2p/wrYGaBgDTNqQiyutijlAI6Yt9XlryuX0PrLFOLWLbhMm0KZcvKCCoTm59zMYya5mO/wd2vxAYrkIrStK/Q=="
      },
      "HotChocolate.Validation": {
        "type": "Transitive",
        "resolved": "16.6.6",
        "contentHash": "+Iocxh1QbBh4tA9vwNqo8ahfvJIDI6OHtrJHy0uHDwAPy0kDZIJ7nIDdq4c+VjiT0MzvAXYZXYxmd1FF6KrP7g==",
        "dependencies": {
          "HotChocolate.Execution.Abstractions": "16.6.6",
          "HotChocolate.Types.Abstractions": "16.6.6"
        }
      },
      "LanguageExt.Core": {
        "type": "Transitive",
        "resolved": "4.4.9",
        "contentHash": "K9VGWkThJkaomifa3zcmwysw1BaSqIZZPZc6trBnJN8u9mpmA/cMMwCWEa/v7bPv/+NnG6PbyIDB7HtxBX7yCQ==",
        "dependencies": {
          "Microsoft.Bcl.AsyncInterfaces": "7.0.0"
        }
      },
      "Microsoft.AspNetCore.Authentication.JwtBearer": {
        "type": "Transitive",
        "resolved": "10.0.9",
        "contentHash": "Hs5NDsGm8YicDDNx5RoBIT+H2AB9R27MvZ2gHoupTiHr+nnH3VxzY7DcmlbJ3b5DvvOhK35lWt/9Odtrq9sjtA==",
        "dependencies": {
          "Microsoft.IdentityModel.Protocols.OpenIdConnect": "8.0.1"
        }
      },
      "Microsoft.Bcl.AsyncInterfaces": {
        "type": "Transitive",
        "resolved": "7.0.0",
        "contentHash": "3aeMZ1N0lJoSyzqiP03hqemtb1BijhsJADdobn/4nsMJ8V1H+CrpuduUe4hlRdx+ikBQju1VGjMD1GJ3Sk05Eg=="
      },
      "Microsoft.EntityFrameworkCore.Abstractions": {
        "type": "Transitive",
        "resolved": "10.0.12",
        "contentHash": "kDrux7T6C3V/YYYe2LXr7x6AEsVyq5Y2YoTE9er1SwbDtap3z1g8RgxNh5eKQVyB4T+DKvBBJ4Ezd/VZzJQJZg=="
      },
      "Microsoft.EntityFrameworkCore.Analyzers": {
        "type": "Transitive",
        "resolved": "10.0.12",
        "contentHash": "Kd4o2oO1A6dfKxjz5LS16QyLtpCFTUiFWwmBABETAXRsSImBdRdWeKjSgbbRhAMiV3a3/nWr95ZtzClT4uaADQ=="
      },
      "Microsoft.EntityFrameworkCore.Relational": {
        "type": "Transitive",
        "resolved": "10.0.4",
        "contentHash": "DOTjTHy93W3TwpMLM4SCm0n57Sc0Jj3+m2S6LSTstKyBB34eT1UouaMS19mpWwvtj42+sRiEjA3+rOTNoNzXFQ==",
        "dependencies": {
          "Microsoft.EntityFrameworkCore": "10.0.4"
        }
      },
      "Microsoft.IdentityModel.Abstractions": {
        "type": "Transitive",
        "resolved": "8.0.1",
        "contentHash": "OtlIWcyX01olfdevPKZdIPfBEvbcioDyBiE/Z2lHsopsMD7twcKtlN9kMevHmI5IIPhFpfwCIiR6qHQz1WHUIw=="
      },
      "Microsoft.IdentityModel.JsonWebTokens": {
        "type": "Transitive",
        "resolved": "8.0.1",
        "contentHash": "s6++gF9x0rQApQzOBbSyp4jUaAlwm+DroKfL8gdOHxs83k8SJfUXhuc46rDB3rNXBQ1MVRxqKUrqFhO/M0E97g==",
        "dependencies": {
          "Microsoft.IdentityModel.Tokens": "8.0.1"
        }
      },
      "Microsoft.IdentityModel.Logging": {
        "type": "Transitive",
        "resolved": "8.0.1",
        "contentHash": "UCPF2exZqBXe7v/6sGNiM6zCQOUXXQ9+v5VTb9gPB8ZSUPnX53BxlN78v2jsbIvK9Dq4GovQxo23x8JgWvm/Qg==",
        "dependencies": {
          "Microsoft.IdentityModel.Abstractions": "8.0.1"
        }
      },
      "Microsoft.IdentityModel.Protocols": {
        "type": "Transitive",
        "resolved": "8.0.1",
        "contentHash": "uA2vpKqU3I2mBBEaeJAWPTjT9v1TZrGWKdgK6G5qJd03CLx83kdiqO9cmiK8/n1erkHzFBwU/RphP83aAe3i3g==",
        "dependencies": {
          "Microsoft.IdentityModel.Tokens": "8.0.1"
        }
      },
      "Microsoft.IdentityModel.Protocols.OpenIdConnect": {
        "type": "Transitive",
        "resolved": "8.0.1",
        "contentHash": "AQDbfpL+yzuuGhO/mQhKNsp44pm5Jv8/BI4KiFXR7beVGZoSH35zMV3PrmcfvSTsyI6qrcR898NzUauD6SRigg==",
        "dependencies": {
          "Microsoft.IdentityModel.Protocols": "8.0.1",
          "System.IdentityModel.Tokens.Jwt": "8.0.1"
        }
      },
      "Microsoft.IdentityModel.Tokens": {
        "type": "Transitive",
        "resolved": "8.0.1",
        "contentHash": "kDimB6Dkd3nkW2oZPDkMkVHfQt3IDqO5gL0oa8WVy3OP4uE8Ij+8TXnqg9TOd9ufjsY3IDiGz7pCUbnfL18tjg==",
        "dependencies": {
          "Microsoft.IdentityModel.Logging": "8.0.1"
        }
      },
      "Npgsql": {
        "type": "Transitive",
        "resolved": "10.0.3",
        "contentHash": "7nb5YzXuvWWJxB0J8DiyL3we+X4FOctZrt0fIBnucOIaIevFEEwGQVZKtiu9olXdlNAK1eNgqSral6r/jlhI4w=="
      },
      "RabbitMQ.Client": {
        "type": "Transitive",
        "resolved": "7.2.2",
        "contentHash": "k4b6RnTXpLbsF96V93ooNYxgPMnoA2tEm24B6AXNJr1mG8wwNYdA1XJtgU66L5xqeGyveS7SJriRzlX3cbqQNA=="
      },
      "Radzen.Blazor": {
        "type": "Transitive",
        "resolved": "11.2.0",
        "contentHash": "hBnrzApLsABPPT1CsaWfDxOKDxo0UzD+wu7i8gcmp0+/BO9AQdGIxBudq9heVOcwDjSpRtvhsFDkifTyl3Urzw=="
      },
      "System.IdentityModel.Tokens.Jwt": {
        "type": "Transitive",
        "resolved": "8.0.1",
        "contentHash": "GJw3bYkWpOgvN3tJo5X4lYUeIFA2HD293FPUhKmp7qxS+g5ywAb34Dnd3cDAFLkcMohy5XTpoaZ4uAHuw0uSPQ==",
        "dependencies": {
          "Microsoft.IdentityModel.JsonWebTokens": "8.0.1",
          "Microsoft.IdentityModel.Tokens": "8.0.1"
        }
      },
      "System.IO.Hashing": {
        "type": "Transitive",
        "resolved": "8.0.0",
        "contentHash": "ne1843evDugl0md7Fjzy6QjJrzsjh46ZKbhf8GwBXb5f/gw97J4bxMs0NQKifDuThh/f0bZ0e62NPl1jzTuRqA=="
      },
      "Trax.Core": {
        "type": "Transitive",
        "resolved": "1.6.0",
        "contentHash": "B0jTB0jsxtaT7dDnYrbhWHd083RMMKzlCh6AX34wYcMQCKuL+N9nObPLrzZaF3YekAVVFn2+zyIocdN28mIqCA==",
        "dependencies": {
          "LanguageExt.Core": "4.4.9"
        }
      },
      "Yarp.ReverseProxy": {
        "type": "Transitive",
        "resolved": "2.3.0",
        "contentHash": "gxtkN3a+9biu9V9Zd5NaTO6VZWXAnS2mhQ0R/VXmSPoTuiQNZsakKikrKpDtKxrL5nUYzbRsHtl40WNq+ZBKKg==",
        "dependencies": {
          "System.IO.Hashing": "8.0.0"
        }
      },
      "trax.samples.energyhub": {
        "type": "Project",
        "dependencies": {
          "Microsoft.EntityFrameworkCore": "[10.0.12, )",
          "Npgsql.EntityFrameworkCore.PostgreSQL": "[10.0.3, )",
          "Trax.Effect": "[1.54.0, )",
          "Trax.Effect.Data.Postgres": "[1.54.0, )",
          "Trax.Mediator": "[1.22.0, )",
          "Trax.Scheduler": "[1.32.1, )"
        }
      },
      "Microsoft.EntityFrameworkCore": {
        "type": "CentralTransitive",
        "requested": "[10.0.12, )",
        "resolved": "10.0.12",
        "contentHash": "e7OrVN8U5yr4kuwdTHWBHGVQIVsGfMkAr0Ej1/BnrS989Q0XBVANpIzNZ2bc1GvMZ0/XwMt5InTnmKskxGy99Q==",
        "dependencies": {
          "Microsoft.EntityFrameworkCore.Abstractions": "10.0.12",
          "Microsoft.EntityFrameworkCore.Analyzers": "10.0.12"
        }
      },
      "Npgsql.EntityFrameworkCore.PostgreSQL": {
        "type": "CentralTransitive",
        "requested": "[10.0.3, )",
        "resolved": "10.0.3",
        "contentHash": "IPGrrZnRkuW7OlHDhUESZz4G5DLkW7Nej/O3Cx+0iTsgyU5XJxBgpsvTHLloo3WWuAKKbDHXBvWPVkX1deRh1Q==",
        "dependencies": {
          "Microsoft.EntityFrameworkCore": "[10.0.4, 11.0.0)",
          "Microsoft.EntityFrameworkCore.Relational": "[10.0.4, 11.0.0)",
          "Npgsql": "10.0.3"
        }
      },
      "Trax.Api.Auth": {
        "type": "CentralTransitive",
        "requested": "[1.43.1, )",
        "resolved": "1.43.1",
        "contentHash": "LzkJ1COIy9DY0/sW0YXDxOD5U9Xo01ZbI7avF4EwBUU1ku9KtqA1teZW3ggJ3u/1o33EtTGv5SsgaVHE1Fy9jg==",
        "dependencies": {
          "Microsoft.EntityFrameworkCore": "10.0.9",
          "Trax.Effect": "1.54.0",
          "Trax.Effect.Data": "1.54.0",
          "Trax.Mediator": "1.22.0"
        }
      },
      "Trax.Api.Auth.Jwt": {
        "type": "CentralTransitive",
        "requested": "[1.43.1, )",
        "resolved": "1.43.1",
        "contentHash": "WzijOlNMncpdnsJgNWX5mlOi46NJtO18DQmIQH89sSaq65ZN3nKd57yqLqajv8nkofzZNKZA9Ra7Oo/tppoueA==",
        "dependencies": {
          "Microsoft.AspNetCore.Authentication.JwtBearer": "10.0.9",
          "Microsoft.EntityFrameworkCore": "10.0.9",
          "Trax.Api.Auth": "1.43.1",
          "Trax.Effect": "1.54.0",
          "Trax.Effect.Data": "1.54.0",
          "Trax.Mediator": "1.22.0"
        }
      },
      "Trax.Api.GraphQL.PersistedOperations": {
        "type": "CentralTransitive",
        "requested": "[1.43.1, )",
        "resolved": "1.38.0",
        "contentHash": "DkrHnhGH+iLhmXn5jihxqI71+siK1oSvbuTQhReASbndi+1+9H6XuTDKXDikQbPGFYXPRLXtozXoL/CRdft32g==",
        "dependencies": {
          "Microsoft.EntityFrameworkCore": "10.0.8",
          "RabbitMQ.Client": "7.2.1",
          "Trax.Api.GraphQL": "1.38.0"
        }
      },
      "Trax.Effect": {
        "type": "CentralTransitive",
        "requested": "[1.54.0, )",
        "resolved": "1.54.0",
        "contentHash": "cUDGoUzB+SP1M1uiAmN2CEgCo2rmKN90r91UZGwzSPxoTbIdYKJtHil6ZO2gNoSEA/EpnMuMo/pn/E7yOB16Mw==",
        "dependencies": {
          "Trax.Core": "1.6.0"
        }
      },
      "Trax.Effect.Data": {
        "type": "CentralTransitive",
        "requested": "[1.54.0, )",
        "resolved": "1.54.0",
        "contentHash": "jViqCeSP6FzluERkybNpdUzgQW2rdD1g66kcwhh/cofB631G9bnHlTHrdw4nF9pDlf8S51NYlOzyM6c93H/H5Q==",
        "dependencies": {
          "Microsoft.EntityFrameworkCore": "10.0.3",
          "Microsoft.EntityFrameworkCore.Relational": "10.0.3",
          "Npgsql": "10.0.3",
          "Trax.Core": "1.6.0",
          "Trax.Effect": "1.54.0"
        }
      },
      "Trax.Effect.Data.Postgres": {
        "type": "CentralTransitive",
        "requested": "[1.54.0, )",
        "resolved": "1.54.0",
        "contentHash": "BVwdL4Xjyic1vwFuz0Z5vGxo6Yk4WBi6ev3pXDGOeNZT93ZkUiywJVOmsdtMLvzIeYPr8H05nkYyhWXV2Ckzww==",
        "dependencies": {
          "EFCore.NamingConventions": "10.0.1",
          "Microsoft.EntityFrameworkCore": "10.0.3",
          "Microsoft.EntityFrameworkCore.Relational": "10.0.3",
          "Npgsql": "10.0.3",
          "Npgsql.EntityFrameworkCore.PostgreSQL": "10.0.0",
          "Trax.Core": "1.6.0",
          "Trax.Effect.Data": "1.54.0",
          "dbup-core": "6.1.1",
          "dbup-postgresql": "7.0.1"
        }
      },
      "Trax.Mediator": {
        "type": "CentralTransitive",
        "requested": "[1.22.0, )",
        "resolved": "1.22.0",
        "contentHash": "JWi7nDX7iG5IP3bcCgRRtOBGFIhABajO4pfMGd9Vp64ndeyUkMn24znEyX350SwmH+lclpRFE0EGSKTWu+QE9g==",
        "dependencies": {
          "Trax.Effect": "1.49.0",
          "Trax.Effect.Data": "1.49.0"
        }
      },
      "Trax.Scheduler": {
        "type": "CentralTransitive",
        "requested": "[1.32.1, )",
        "resolved": "1.32.1",
        "contentHash": "2n9gJ6fFKx3q86Iw+/8lh6GG+AdCQqfWY8mRdexMnE/PtfqthxcNiOAsqpF/Asvmg9n5+wPRjBQfEQ4Tbz6QTg==",
        "dependencies": {
          "Cronos": "0.13.0",
          "Npgsql": "10.0.3",
          "Trax.Effect": "1.43.0",
          "Trax.Effect.Data": "1.43.0",
          "Trax.Mediator": "1.20.0"
        }
      }
    }
  }
}